<?xml version="1.0" encoding="utf-8"?>
<Project ToolsVersion="4.0" xmlns="http://schemas.microsoft.com/developer/msbuild/2003">
  <ItemGroup>
    <Filter Include="Source Files">
      <UniqueIdentifier>{4FC737F1-C7A5-4376-A066-2A32D752A2FF}</UniqueIdentifier>
      <Extensions>cpp;c;cc;cxx;def;odl;idl;hpj;bat;asm;asmx</Extensions>
    </Filter>
    <Filter Include="Header Files">
      <UniqueIdentifier>{93995380-89BD-4b04-88EB-625FBE52EBFB}</UniqueIdentifier>
      <Extensions>h;hh;hpp;hxx;hm;inl;inc;xsd</Extensions>
    </Filter>
    <Filter Include="Resource Files">
      <UniqueIdentifier>{67DA6AB6-F800-4c08-8B7A-83BB121AAD01}</UniqueIdentifier>
      <Extensions>rc;ico;cur;bmp;dlg;rc2;rct;bin;rgs;gif;jpg;jpeg;jpe;resx;tiff;tif;png;wav;mfcribbon-ms</Extensions>
    </Filter>
  </ItemGroup>
  <ItemGroup>
    <ClCompile Include="main.cpp">
      <Filter>Source Files</Filter>
    </ClCompile>
    <ClCompile Include="stdafx.cpp">
      <Filter>Source Files</Filter>
    </ClCompile>
    <ClCompile Include="interface\imgui\imgui.cpp">
      <Filter>Source Files</Filter>
    </ClCompile>
    <ClCompile Include="interface\imgui\imgui_demo.cpp">
      <Filter>Source Files</Filter>
    </ClCompile>
    <ClCompile Include="interface\imgui\imgui_draw.cpp">
      <Filter>Source Files</Filter>
    </ClCompile>
    <ClCompile Include="interface\imgui\imgui_impl_glfw_gl3.cpp">
      <Filter>Source Files</Filter>
    </ClCompile>
    <ClCompile Include="interface\interface.cpp">
      <Filter>Source Files</Filter>
    </ClCompile>
    <ClCompile Include="interface\render_window.cpp">
      <Filter>Source Files</Filter>
    </ClCompile>
    <ClCompile Include="interface\vct_interface.cpp">
      <Filter>Source Files</Filter>
    </ClCompile>
    <ClCompile Include="misc\external_initializer.cpp">
      <Filter>Source Files</Filter>
    </ClCompile>
    <ClCompile Include="misc\miscellaneous.cpp">
      <Filter>Source Files</Filter>
    </ClCompile>
    <ClCompile Include="scene\camera.cpp">
      <Filter>Source Files</Filter>
    </ClCompile>
    <ClCompile Include="scene\light.cpp">
      <Filter>Source Files</Filter>
    </ClCompile>
    <ClCompile Include="scene\material.cpp">
      <Filter>Source Files</Filter>
    </ClCompile>
    <ClCompile Include="scene\mesh.cpp">
      <Filter>Source Files</Filter>
    </ClCompile>
    <ClCompile Include="scene\node.cpp">
      <Filter>Source Files</Filter>
    </ClCompile>
    <ClCompile Include="scene\scene.cpp">
      <Filter>Source Files</Filter>
    </ClCompile>
    <ClCompile Include="scene\texture.cpp">
      <Filter>Source Files</Filter>
    </ClCompile>
    <ClCompile Include="util\scene_importer.cpp">
      <Filter>Source Files</Filter>
    </ClCompile>
    <ClCompile Include="util\texture_importer.cpp">
      <Filter>Source Files</Filter>
    </ClCompile>
    <ClCompile Include="interface\imgui\extra_fonts\binary_to_compressed_c.cpp">
      <Filter>Source Files</Filter>
    </ClCompile>
    <ClCompile Include="core\engine_assets.cpp">
      <Filter>Source Files</Filter>
    </ClCompile>
    <ClCompile Include="core\deferred_handler.cpp">
      <Filter>Source Files</Filter>
    </ClCompile>
    <ClCompile Include="core\engine_base.cpp">
      <Filter>Source Files</Filter>
    </ClCompile>
    <ClCompile Include="core\renderer.cpp">
      <Filter>Source Files</Filter>
    </ClCompile>
    <ClCompile Include="types\transform_matrices.cpp">
      <Filter>Source Files</Filter>
    </ClCompile>
    <ClCompile Include="types\vertex.cpp">
      <Filter>Source Files</Filter>
    </ClCompile>
    <ClCompile Include="types\face.cpp">
      <Filter>Source Files</Filter>
    </ClCompile>
    <ClCompile Include="types\bounding_volume.cpp">
      <Filter>Source Files</Filter>
    </ClCompile>
    <ClCompile Include="types\frustum.cpp">
      <Filter>Source Files</Filter>
    </ClCompile>
  </ItemGroup>
  <ItemGroup>
    <ClInclude Include="stdafx.h">
      <Filter>Header Files</Filter>
    </ClInclude>
    <ClInclude Include="interface\imgui\imconfig.h">
      <Filter>Header Files</Filter>
    </ClInclude>
    <ClInclude Include="interface\imgui\imgui.h">
      <Filter>Header Files</Filter>
    </ClInclude>
    <ClInclude Include="interface\imgui\imgui_impl_glfw_gl3.h">
      <Filter>Header Files</Filter>
    </ClInclude>
    <ClInclude Include="interface\imgui\imgui_internal.h">
      <Filter>Header Files</Filter>
    </ClInclude>
    <ClInclude Include="interface\imgui\stb_rect_pack.h">
      <Filter>Header Files</Filter>
    </ClInclude>
    <ClInclude Include="interface\imgui\stb_textedit.h">
      <Filter>Header Files</Filter>
    </ClInclude>
    <ClInclude Include="interface\imgui\stb_truetype.h">
      <Filter>Header Files</Filter>
    </ClInclude>
    <ClInclude Include="interface\interface.h">
      <Filter>Header Files</Filter>
    </ClInclude>
    <ClInclude Include="interface\render_window.h">
      <Filter>Header Files</Filter>
    </ClInclude>
    <ClInclude Include="interface\vct_interface.h">
      <Filter>Header Files</Filter>
    </ClInclude>
    <ClInclude Include="misc\external_initializer.h">
      <Filter>Header Files</Filter>
    </ClInclude>
    <ClInclude Include="misc\miscellaneous.h">
      <Filter>Header Files</Filter>
    </ClInclude>
    <ClInclude Include="scene\camera.h">
      <Filter>Header Files</Filter>
    </ClInclude>
    <ClInclude Include="scene\light.h">
      <Filter>Header Files</Filter>
    </ClInclude>
    <ClInclude Include="scene\material.h">
      <Filter>Header Files</Filter>
    </ClInclude>
    <ClInclude Include="scene\mesh.h">
      <Filter>Header Files</Filter>
    </ClInclude>
    <ClInclude Include="scene\node.h">
      <Filter>Header Files</Filter>
    </ClInclude>
    <ClInclude Include="scene\scene.h">
      <Filter>Header Files</Filter>
    </ClInclude>
    <ClInclude Include="scene\texture.h">
      <Filter>Header Files</Filter>
    </ClInclude>
    <ClInclude Include="util\scene_importer.h">
      <Filter>Header Files</Filter>
    </ClInclude>
    <ClInclude Include="util\texture_importer.h">
      <Filter>Header Files</Filter>
    </ClInclude>
    <ClInclude Include="core\engine_assets.h">
      <Filter>Header Files</Filter>
    </ClInclude>
    <ClInclude Include="core\deferred_handler.h">
      <Filter>Header Files</Filter>
    </ClInclude>
    <ClInclude Include="core\engine_base.h">
      <Filter>Header Files</Filter>
    </ClInclude>
    <ClInclude Include="core\renderer.h">
      <Filter>Header Files</Filter>
    </ClInclude>
    <ClInclude Include="types\transform_matrices.h">
      <Filter>Header Files</Filter>
    </ClInclude>
    <ClInclude Include="types\vertex.h">
      <Filter>Header Files</Filter>
    </ClInclude>
    <ClInclude Include="types\face.h">
      <Filter>Header Files</Filter>
    </ClInclude>
    <ClInclude Include="types\bounding_volume.h">
      <Filter>Header Files</Filter>
    </ClInclude>
    <ClInclude Include="types\frustum.h">
      <Filter>Header Files</Filter>
    </ClInclude>
  </ItemGroup>
  <ItemGroup>
    <None Include="interface\imgui\LICENSE" />
    <None Include="interface\imgui\README.md" />
    <None Include="resources\shaders\geometry_pass.frag" />
    <None Include="resources\shaders\geometry_pass.vert" />
  </ItemGroup>
  <ItemGroup>
    <Font Include="interface\imgui\extra_fonts\Cousine-Regular.ttf" />
    <Font Include="interface\imgui\extra_fonts\DroidSans.ttf" />
    <Font Include="interface\imgui\extra_fonts\Karla-Regular.ttf" />
    <Font Include="interface\imgui\extra_fonts\ProggyClean.ttf" />
    <Font Include="interface\imgui\extra_fonts\ProggyTiny.ttf" />
  </ItemGroup>
  <ItemGroup>
    <Text Include="interface\imgui\extra_fonts\README.txt" />
  </ItemGroup>
</Project>