<?xml version="1.0" encoding="UTF-8"?>
<Project ToolsVersion="12.0" xmlns="http://schemas.microsoft.com/developer/msbuild/2003">
  <ItemGroup>
    <CustomBuild Include="C:\Users\Jose\Documents\Tesis\source\VCT_Engine\VCT_Engine\dependencies\glfw\docs\CMakeLists.txt" />
    <CustomBuild Include="C:\Users\Jose\Documents\Tesis\source\VCT_Engine\VCT_Engine\ext_build\CMakeFiles\b2da8bf7df21ab923f9cb60580d92899\docs.rule">
      <Filter>CMake Rules</Filter>
    </CustomBuild>
  </ItemGroup>
  <ItemGroup>
    <None Include="C:\Users\Jose\Documents\Tesis\source\VCT_Engine\VCT_Engine\ext_build\docs\CMakeFiles\docs" />
  </ItemGroup>
  <ItemGroup>
    <Filter Include="CMake Rules">
      <UniqueIdentifier>{6B2BA24C-3008-453C-B425-CF2EFAD35E34}</UniqueIdentifier>
    </Filter>
  </ItemGroup>
</Project>
