Microsoft Visual Studio Solution File, Format Version 12.00
# Visual Studio 14
Project("{8BC9CEB8-8B4A-11D0-8D11-00A0C91BC942}") = "ALL_BUILD", "ALL_BUILD.vcxproj", "{647730FF-DBD8-3E42-BB34-C28C59C1CB0A}"
	ProjectSection(ProjectDependencies) = postProject
		{3135B279-8FC5-37A0-873D-9EB2C6FBC93D} = {3135B279-8FC5-37A0-873D-9EB2C6FBC93D}
		{EEA2D082-3115-3924-BB2E-6497216EBB13} = {EEA2D082-3115-3924-BB2E-6497216EBB13}
		{36643CDB-BF52-3783-9900-749E3F7792CB} = {36643CDB-BF52-3783-9900-749E3F7792CB}
		{FBC19CE5-25A0-38CE-A244-33A47FA1504E} = {FBC19CE5-25A0-38CE-A244-33A47FA1504E}
		{1EFEF2BA-AA2E-3AB7-83D2-AAB8D4A1D403} = {1EFEF2BA-AA2E-3AB7-83D2-AAB8D4A1D403}
		{12FCA58A-7696-3ECB-A0F0-EB97BF8C7ADD} = {12FCA58A-7696-3ECB-A0F0-EB97BF8C7ADD}
		{31C46ED5-B07F-3161-B193-F22913FF4704} = {31C46ED5-B07F-3161-B193-F22913FF4704}
	EndProjectSection
EndProject
Project("{8BC9CEB8-8B4A-11D0-8D11-00A0C91BC942}") = "INSTALL", "INSTALL.vcxproj", "{BF302BDC-7868-37F8-8E2D-56B222850D6A}"
	ProjectSection(ProjectDependencies) = postProject
		{647730FF-DBD8-3E42-BB34-C28C59C1CB0A} = {647730FF-DBD8-3E42-BB34-C28C59C1CB0A}
	EndProjectSection
EndProject
Project("{8BC9CEB8-8B4A-11D0-8D11-00A0C91BC942}") = "ZERO_CHECK", "ZERO_CHECK.vcxproj", "{3135B279-8FC5-37A0-873D-9EB2C6FBC93D}"
	ProjectSection(ProjectDependencies) = postProject
	EndProjectSection
EndProject
Project("{8BC9CEB8-8B4A-11D0-8D11-00A0C91BC942}") = "glewinfo", "glewinfo.vcxproj", "{EEA2D082-3115-3924-BB2E-6497216EBB13}"
	ProjectSection(ProjectDependencies) = postProject
		{3135B279-8FC5-37A0-873D-9EB2C6FBC93D} = {3135B279-8FC5-37A0-873D-9EB2C6FBC93D}
		{FBC19CE5-25A0-38CE-A244-33A47FA1504E} = {FBC19CE5-25A0-38CE-A244-33A47FA1504E}
	EndProjectSection
EndProject
Project("{8BC9CEB8-8B4A-11D0-8D11-00A0C91BC942}") = "libglew_shared", "libglew_shared.vcxproj", "{36643CDB-BF52-3783-9900-749E3F7792CB}"
	ProjectSection(ProjectDependencies) = postProject
		{3135B279-8FC5-37A0-873D-9EB2C6FBC93D} = {3135B279-8FC5-37A0-873D-9EB2C6FBC93D}
	EndProjectSection
EndProject
Project("{8BC9CEB8-8B4A-11D0-8D11-00A0C91BC942}") = "libglew_static", "libglew_static.vcxproj", "{FBC19CE5-25A0-38CE-A244-33A47FA1504E}"
	ProjectSection(ProjectDependencies) = postProject
		{3135B279-8FC5-37A0-873D-9EB2C6FBC93D} = {3135B279-8FC5-37A0-873D-9EB2C6FBC93D}
	EndProjectSection
EndProject
Project("{8BC9CEB8-8B4A-11D0-8D11-00A0C91BC942}") = "libglewmx_shared", "libglewmx_shared.vcxproj", "{1EFEF2BA-AA2E-3AB7-83D2-AAB8D4A1D403}"
	ProjectSection(ProjectDependencies) = postProject
		{3135B279-8FC5-37A0-873D-9EB2C6FBC93D} = {3135B279-8FC5-37A0-873D-9EB2C6FBC93D}
	EndProjectSection
EndProject
Project("{8BC9CEB8-8B4A-11D0-8D11-00A0C91BC942}") = "libglewmx_static", "libglewmx_static.vcxproj", "{12FCA58A-7696-3ECB-A0F0-EB97BF8C7ADD}"
	ProjectSection(ProjectDependencies) = postProject
		{3135B279-8FC5-37A0-873D-9EB2C6FBC93D} = {3135B279-8FC5-37A0-873D-9EB2C6FBC93D}
	EndProjectSection
EndProject
Project("{8BC9CEB8-8B4A-11D0-8D11-00A0C91BC942}") = "visualinfo", "visualinfo.vcxproj", "{31C46ED5-B07F-3161-B193-F22913FF4704}"
	ProjectSection(ProjectDependencies) = postProject
		{3135B279-8FC5-37A0-873D-9EB2C6FBC93D} = {3135B279-8FC5-37A0-873D-9EB2C6FBC93D}
		{FBC19CE5-25A0-38CE-A244-33A47FA1504E} = {FBC19CE5-25A0-38CE-A244-33A47FA1504E}
	EndProjectSection
EndProject
Global
	GlobalSection(SolutionConfigurationPlatforms) = preSolution
		Debug|x64 = Debug|x64
		Release|x64 = Release|x64
		MinSizeRel|x64 = MinSizeRel|x64
		RelWithDebInfo|x64 = RelWithDebInfo|x64
	EndGlobalSection
	GlobalSection(ProjectConfigurationPlatforms) = postSolution
		{647730FF-DBD8-3E42-BB34-C28C59C1CB0A}.Debug|x64.ActiveCfg = Debug|x64
		{647730FF-DBD8-3E42-BB34-C28C59C1CB0A}.Debug|x64.Build.0 = Debug|x64
		{647730FF-DBD8-3E42-BB34-C28C59C1CB0A}.Release|x64.ActiveCfg = Release|x64
		{647730FF-DBD8-3E42-BB34-C28C59C1CB0A}.Release|x64.Build.0 = Release|x64
		{647730FF-DBD8-3E42-BB34-C28C59C1CB0A}.MinSizeRel|x64.ActiveCfg = MinSizeRel|x64
		{647730FF-DBD8-3E42-BB34-C28C59C1CB0A}.MinSizeRel|x64.Build.0 = MinSizeRel|x64
		{647730FF-DBD8-3E42-BB34-C28C59C1CB0A}.RelWithDebInfo|x64.ActiveCfg = RelWithDebInfo|x64
		{647730FF-DBD8-3E42-BB34-C28C59C1CB0A}.RelWithDebInfo|x64.Build.0 = RelWithDebInfo|x64
		{BF302BDC-7868-37F8-8E2D-56B222850D6A}.Debug|x64.ActiveCfg = Debug|x64
		{BF302BDC-7868-37F8-8E2D-56B222850D6A}.Release|x64.ActiveCfg = Release|x64
		{BF302BDC-7868-37F8-8E2D-56B222850D6A}.MinSizeRel|x64.ActiveCfg = MinSizeRel|x64
		{BF302BDC-7868-37F8-8E2D-56B222850D6A}.RelWithDebInfo|x64.ActiveCfg = RelWithDebInfo|x64
		{3135B279-8FC5-37A0-873D-9EB2C6FBC93D}.Debug|x64.ActiveCfg = Debug|x64
		{3135B279-8FC5-37A0-873D-9EB2C6FBC93D}.Debug|x64.Build.0 = Debug|x64
		{3135B279-8FC5-37A0-873D-9EB2C6FBC93D}.Release|x64.ActiveCfg = Release|x64
		{3135B279-8FC5-37A0-873D-9EB2C6FBC93D}.Release|x64.Build.0 = Release|x64
		{3135B279-8FC5-37A0-873D-9EB2C6FBC93D}.MinSizeRel|x64.ActiveCfg = MinSizeRel|x64
		{3135B279-8FC5-37A0-873D-9EB2C6FBC93D}.MinSizeRel|x64.Build.0 = MinSizeRel|x64
		{3135B279-8FC5-37A0-873D-9EB2C6FBC93D}.RelWithDebInfo|x64.ActiveCfg = RelWithDebInfo|x64
		{3135B279-8FC5-37A0-873D-9EB2C6FBC93D}.RelWithDebInfo|x64.Build.0 = RelWithDebInfo|x64
		{EEA2D082-3115-3924-BB2E-6497216EBB13}.Debug|x64.ActiveCfg = Debug|x64
		{EEA2D082-3115-3924-BB2E-6497216EBB13}.Debug|x64.Build.0 = Debug|x64
		{EEA2D082-3115-3924-BB2E-6497216EBB13}.Release|x64.ActiveCfg = Release|x64
		{EEA2D082-3115-3924-BB2E-6497216EBB13}.Release|x64.Build.0 = Release|x64
		{EEA2D082-3115-3924-BB2E-6497216EBB13}.MinSizeRel|x64.ActiveCfg = MinSizeRel|x64
		{EEA2D082-3115-3924-BB2E-6497216EBB13}.MinSizeRel|x64.Build.0 = MinSizeRel|x64
		{EEA2D082-3115-3924-BB2E-6497216EBB13}.RelWithDebInfo|x64.ActiveCfg = RelWithDebInfo|x64
		{EEA2D082-3115-3924-BB2E-6497216EBB13}.RelWithDebInfo|x64.Build.0 = RelWithDebInfo|x64
		{36643CDB-BF52-3783-9900-749E3F7792CB}.Debug|x64.ActiveCfg = Debug|x64
		{36643CDB-BF52-3783-9900-749E3F7792CB}.Debug|x64.Build.0 = Debug|x64
		{36643CDB-BF52-3783-9900-749E3F7792CB}.Release|x64.ActiveCfg = Release|x64
		{36643CDB-BF52-3783-9900-749E3F7792CB}.Release|x64.Build.0 = Release|x64
		{36643CDB-BF52-3783-9900-749E3F7792CB}.MinSizeRel|x64.ActiveCfg = MinSizeRel|x64
		{36643CDB-BF52-3783-9900-749E3F7792CB}.MinSizeRel|x64.Build.0 = MinSizeRel|x64
		{36643CDB-BF52-3783-9900-749E3F7792CB}.RelWithDebInfo|x64.ActiveCfg = RelWithDebInfo|x64
		{36643CDB-BF52-3783-9900-749E3F7792CB}.RelWithDebInfo|x64.Build.0 = RelWithDebInfo|x64
		{FBC19CE5-25A0-38CE-A244-33A47FA1504E}.Debug|x64.ActiveCfg = Debug|x64
		{FBC19CE5-25A0-38CE-A244-33A47FA1504E}.Debug|x64.Build.0 = Debug|x64
		{FBC19CE5-25A0-38CE-A244-33A47FA1504E}.Release|x64.ActiveCfg = Release|x64
		{FBC19CE5-25A0-38CE-A244-33A47FA1504E}.Release|x64.Build.0 = Release|x64
		{FBC19CE5-25A0-38CE-A244-33A47FA1504E}.MinSizeRel|x64.ActiveCfg = MinSizeRel|x64
		{FBC19CE5-25A0-38CE-A244-33A47FA1504E}.MinSizeRel|x64.Build.0 = MinSizeRel|x64
		{FBC19CE5-25A0-38CE-A244-33A47FA1504E}.RelWithDebInfo|x64.ActiveCfg = RelWithDebInfo|x64
		{FBC19CE5-25A0-38CE-A244-33A47FA1504E}.RelWithDebInfo|x64.Build.0 = RelWithDebInfo|x64
		{1EFEF2BA-AA2E-3AB7-83D2-AAB8D4A1D403}.Debug|x64.ActiveCfg = Debug|x64
		{1EFEF2BA-AA2E-3AB7-83D2-AAB8D4A1D403}.Debug|x64.Build.0 = Debug|x64
		{1EFEF2BA-AA2E-3AB7-83D2-AAB8D4A1D403}.Release|x64.ActiveCfg = Release|x64
		{1EFEF2BA-AA2E-3AB7-83D2-AAB8D4A1D403}.Release|x64.Build.0 = Release|x64
		{1EFEF2BA-AA2E-3AB7-83D2-AAB8D4A1D403}.MinSizeRel|x64.ActiveCfg = MinSizeRel|x64
		{1EFEF2BA-AA2E-3AB7-83D2-AAB8D4A1D403}.MinSizeRel|x64.Build.0 = MinSizeRel|x64
		{1EFEF2BA-AA2E-3AB7-83D2-AAB8D4A1D403}.RelWithDebInfo|x64.ActiveCfg = RelWithDebInfo|x64
		{1EFEF2BA-AA2E-3AB7-83D2-AAB8D4A1D403}.RelWithDebInfo|x64.Build.0 = RelWithDebInfo|x64
		{12FCA58A-7696-3ECB-A0F0-EB97BF8C7ADD}.Debug|x64.ActiveCfg = Debug|x64
		{12FCA58A-7696-3ECB-A0F0-EB97BF8C7ADD}.Debug|x64.Build.0 = Debug|x64
		{12FCA58A-7696-3ECB-A0F0-EB97BF8C7ADD}.Release|x64.ActiveCfg = Release|x64
		{12FCA58A-7696-3ECB-A0F0-EB97BF8C7ADD}.Release|x64.Build.0 = Release|x64
		{12FCA58A-7696-3ECB-A0F0-EB97BF8C7ADD}.MinSizeRel|x64.ActiveCfg = MinSizeRel|x64
		{12FCA58A-7696-3ECB-A0F0-EB97BF8C7ADD}.MinSizeRel|x64.Build.0 = MinSizeRel|x64
		{12FCA58A-7696-3ECB-A0F0-EB97BF8C7ADD}.RelWithDebInfo|x64.ActiveCfg = RelWithDebInfo|x64
		{12FCA58A-7696-3ECB-A0F0-EB97BF8C7ADD}.RelWithDebInfo|x64.Build.0 = RelWithDebInfo|x64
		{31C46ED5-B07F-3161-B193-F22913FF4704}.Debug|x64.ActiveCfg = Debug|x64
		{31C46ED5-B07F-3161-B193-F22913FF4704}.Debug|x64.Build.0 = Debug|x64
		{31C46ED5-B07F-3161-B193-F22913FF4704}.Release|x64.ActiveCfg = Release|x64
		{31C46ED5-B07F-3161-B193-F22913FF4704}.Release|x64.Build.0 = Release|x64
		{31C46ED5-B07F-3161-B193-F22913FF4704}.MinSizeRel|x64.ActiveCfg = MinSizeRel|x64
		{31C46ED5-B07F-3161-B193-F22913FF4704}.MinSizeRel|x64.Build.0 = MinSizeRel|x64
		{31C46ED5-B07F-3161-B193-F22913FF4704}.RelWithDebInfo|x64.ActiveCfg = RelWithDebInfo|x64
		{31C46ED5-B07F-3161-B193-F22913FF4704}.RelWithDebInfo|x64.Build.0 = RelWithDebInfo|x64
	EndGlobalSection
	GlobalSection(ExtensibilityGlobals) = postSolution
	EndGlobalSection
	GlobalSection(ExtensibilityAddIns) = postSolution
	EndGlobalSection
EndGlobal
