<?xml version="1.0" encoding="UTF-8"?>
<Project ToolsVersion="14.0" xmlns="http://schemas.microsoft.com/developer/msbuild/2003">
  <ItemGroup>
    <CustomBuild Include="F:\Documents\Visual Studio 2015\Projects\VCT_Engine\.build\CMakeFiles\416187b507b216c5ea8ec5e08e0209f7\generate.stamp.rule">
      <Filter>CMake Rules</Filter>
    </CustomBuild>
  </ItemGroup>
  <ItemGroup>
    <Filter Include="CMake Rules">
      <UniqueIdentifier>{CD62EEAC-F269-392B-BC39-B95F934504EB}</UniqueIdentifier>
    </Filter>
  </ItemGroup>
</Project>
