<?xml version="1.0" encoding="UTF-8"?>
<Project ToolsVersion="12.0" xmlns="http://schemas.microsoft.com/developer/msbuild/2003">
  <ItemGroup>
    <ClCompile Include="C:\Users\Jose\Documents\Tesis\source\VCT_Engine\VCT_Engine\dependencies\glfw\tests\gamma.c">
      <Filter>Source Files</Filter>
    </ClCompile>
    <ClCompile Include="C:\Users\Jose\Documents\Tesis\source\VCT_Engine\VCT_Engine\dependencies\glfw\deps\getopt.c">
      <Filter>Source Files</Filter>
    </ClCompile>
  </ItemGroup>
  <ItemGroup>
    <ClInclude Include="C:\Users\Jose\Documents\Tesis\source\VCT_Engine\VCT_Engine\dependencies\glfw\deps\getopt.h">
      <Filter>Header Files</Filter>
    </ClInclude>
  </ItemGroup>
  <ItemGroup>
    <CustomBuild Include="C:\Users\Jose\Documents\Tesis\source\VCT_Engine\VCT_Engine\dependencies\glfw\tests\CMakeLists.txt" />
  </ItemGroup>
  <ItemGroup>
    <Filter Include="Source Files">
      <UniqueIdentifier>{9B556CFA-97FD-4B1C-9477-0D7DC9C96692}</UniqueIdentifier>
    </Filter>
    <Filter Include="Header Files">
      <UniqueIdentifier>{036CBECE-7675-475C-A8B9-63FDD6791C47}</UniqueIdentifier>
    </Filter>
  </ItemGroup>
</Project>
