Microsoft Visual Studio Solution File, Format Version 12.00
# Visual Studio 2013
Project("{8BC9CEB8-8B4A-11D0-8D11-00A0C91BC942}") = "ALL_BUILD", "ALL_BUILD.vcxproj", "{2703A789-59FD-4DE7-A689-C0ADAFE39D2D}"
	ProjectSection(ProjectDependencies) = postProject
		{CC13FC29-C5D1-402F-99D4-6B43AC777D91} = {CC13FC29-C5D1-402F-99D4-6B43AC777D91}
		{ADDFBC04-DB65-4AE5-BE60-C0D029C01CC7} = {ADDFBC04-DB65-4AE5-BE60-C0D029C01CC7}
		{0C0A3A6A-0A5D-409B-A858-2630FF527C57} = {0C0A3A6A-0A5D-409B-A858-2630FF527C57}
		{B06C9FBC-5899-4C68-AB76-654865B6AC50} = {B06C9FBC-5899-4C68-AB76-654865B6AC50}
		{8398E852-BF3F-46BF-83C6-6DFF3CC845C2} = {8398E852-BF3F-46BF-83C6-6DFF3CC845C2}
		{B64CCDFC-C94E-47B5-8BB5-0CB030E24E79} = {B64CCDFC-C94E-47B5-8BB5-0CB030E24E79}
		{A1074AC5-D011-4EF0-85B3-1E13E33B2065} = {A1074AC5-D011-4EF0-85B3-1E13E33B2065}
		{5CCE911E-1291-49BC-8A4B-ABFA3C6C8F46} = {5CCE911E-1291-49BC-8A4B-ABFA3C6C8F46}
		{67CEAFB5-BC47-48CB-B76A-51DA93A3E986} = {67CEAFB5-BC47-48CB-B76A-51DA93A3E986}
		{5CD8A095-D092-462C-8493-26773E22B142} = {5CD8A095-D092-462C-8493-26773E22B142}
		{D9F790EB-FB2B-4148-B362-EB9DA8E7E4F6} = {D9F790EB-FB2B-4148-B362-EB9DA8E7E4F6}
		{C39935D5-653C-4DD2-87A5-AEB3B920B2DA} = {C39935D5-653C-4DD2-87A5-AEB3B920B2DA}
		{7A25DE43-3DF0-42D8-9A9E-E51BC524C707} = {7A25DE43-3DF0-42D8-9A9E-E51BC524C707}
		{87E65E20-ED08-48D4-AC2F-0A94C3206902} = {87E65E20-ED08-48D4-AC2F-0A94C3206902}
		{B0FDFCC4-2376-4A5C-9340-631C5C5EE75A} = {B0FDFCC4-2376-4A5C-9340-631C5C5EE75A}
		{9E4338B5-03B2-4E9A-9B43-5264C44021B7} = {9E4338B5-03B2-4E9A-9B43-5264C44021B7}
		{55975E41-409F-4E5E-9EDD-12B7FC6C789F} = {55975E41-409F-4E5E-9EDD-12B7FC6C789F}
		{C6F60D47-65FC-4173-B529-8DCB5AEBD24C} = {C6F60D47-65FC-4173-B529-8DCB5AEBD24C}
		{3B47D9BA-E46A-4A14-8D5E-96DE3DDB2050} = {3B47D9BA-E46A-4A14-8D5E-96DE3DDB2050}
		{2CFDBCCD-AAEF-4EDC-96BB-66C928E214CE} = {2CFDBCCD-AAEF-4EDC-96BB-66C928E214CE}
		{5C90E251-D1A1-4B7E-814B-DFC5ACC142C4} = {5C90E251-D1A1-4B7E-814B-DFC5ACC142C4}
		{20D54FA1-02E7-4611-9D76-876FBA25DB23} = {20D54FA1-02E7-4611-9D76-876FBA25DB23}
		{DC1A5BFD-80D5-4CFC-8AB6-C01536861C62} = {DC1A5BFD-80D5-4CFC-8AB6-C01536861C62}
		{7DFBCFE9-1EED-4DF5-8167-D3436DEAD420} = {7DFBCFE9-1EED-4DF5-8167-D3436DEAD420}
		{03D441E4-7530-4F5B-A33B-B730466166E4} = {03D441E4-7530-4F5B-A33B-B730466166E4}
		{8779B504-707F-48E6-9910-D6ADA45CE257} = {8779B504-707F-48E6-9910-D6ADA45CE257}
		{523FA46F-2D8F-4F91-8DF1-1713B5827801} = {523FA46F-2D8F-4F91-8DF1-1713B5827801}
		{503DB215-826C-46DC-A5CB-DFF2AE650D47} = {503DB215-826C-46DC-A5CB-DFF2AE650D47}
		{69A1DF11-6737-4B3F-ABA7-28C1C794AF2D} = {69A1DF11-6737-4B3F-ABA7-28C1C794AF2D}
		{9A5A8786-AD4F-4DA8-91AB-873CBD2258D4} = {9A5A8786-AD4F-4DA8-91AB-873CBD2258D4}
	EndProjectSection
EndProject
Project("{8BC9CEB8-8B4A-11D0-8D11-00A0C91BC942}") = "INSTALL", "INSTALL.vcxproj", "{D3827E43-3843-42DA-9413-1090DF074EE0}"
	ProjectSection(ProjectDependencies) = postProject
		{2703A789-59FD-4DE7-A689-C0ADAFE39D2D} = {2703A789-59FD-4DE7-A689-C0ADAFE39D2D}
	EndProjectSection
EndProject
Project("{8BC9CEB8-8B4A-11D0-8D11-00A0C91BC942}") = "ZERO_CHECK", "ZERO_CHECK.vcxproj", "{CC13FC29-C5D1-402F-99D4-6B43AC777D91}"
	ProjectSection(ProjectDependencies) = postProject
	EndProjectSection
EndProject
Project("{8BC9CEB8-8B4A-11D0-8D11-00A0C91BC942}") = "accuracy", "tests\accuracy.vcxproj", "{ADDFBC04-DB65-4AE5-BE60-C0D029C01CC7}"
	ProjectSection(ProjectDependencies) = postProject
		{CC13FC29-C5D1-402F-99D4-6B43AC777D91} = {CC13FC29-C5D1-402F-99D4-6B43AC777D91}
		{87E65E20-ED08-48D4-AC2F-0A94C3206902} = {87E65E20-ED08-48D4-AC2F-0A94C3206902}
	EndProjectSection
EndProject
Project("{8BC9CEB8-8B4A-11D0-8D11-00A0C91BC942}") = "boing", "examples\boing.vcxproj", "{0C0A3A6A-0A5D-409B-A858-2630FF527C57}"
	ProjectSection(ProjectDependencies) = postProject
		{CC13FC29-C5D1-402F-99D4-6B43AC777D91} = {CC13FC29-C5D1-402F-99D4-6B43AC777D91}
		{87E65E20-ED08-48D4-AC2F-0A94C3206902} = {87E65E20-ED08-48D4-AC2F-0A94C3206902}
	EndProjectSection
EndProject
Project("{8BC9CEB8-8B4A-11D0-8D11-00A0C91BC942}") = "clipboard", "tests\clipboard.vcxproj", "{B06C9FBC-5899-4C68-AB76-654865B6AC50}"
	ProjectSection(ProjectDependencies) = postProject
		{CC13FC29-C5D1-402F-99D4-6B43AC777D91} = {CC13FC29-C5D1-402F-99D4-6B43AC777D91}
		{87E65E20-ED08-48D4-AC2F-0A94C3206902} = {87E65E20-ED08-48D4-AC2F-0A94C3206902}
	EndProjectSection
EndProject
Project("{8BC9CEB8-8B4A-11D0-8D11-00A0C91BC942}") = "cursor", "tests\cursor.vcxproj", "{8398E852-BF3F-46BF-83C6-6DFF3CC845C2}"
	ProjectSection(ProjectDependencies) = postProject
		{CC13FC29-C5D1-402F-99D4-6B43AC777D91} = {CC13FC29-C5D1-402F-99D4-6B43AC777D91}
		{87E65E20-ED08-48D4-AC2F-0A94C3206902} = {87E65E20-ED08-48D4-AC2F-0A94C3206902}
	EndProjectSection
EndProject
Project("{8BC9CEB8-8B4A-11D0-8D11-00A0C91BC942}") = "cursoranim", "tests\cursoranim.vcxproj", "{B64CCDFC-C94E-47B5-8BB5-0CB030E24E79}"
	ProjectSection(ProjectDependencies) = postProject
		{CC13FC29-C5D1-402F-99D4-6B43AC777D91} = {CC13FC29-C5D1-402F-99D4-6B43AC777D91}
		{87E65E20-ED08-48D4-AC2F-0A94C3206902} = {87E65E20-ED08-48D4-AC2F-0A94C3206902}
	EndProjectSection
EndProject
Project("{8BC9CEB8-8B4A-11D0-8D11-00A0C91BC942}") = "defaults", "tests\defaults.vcxproj", "{A1074AC5-D011-4EF0-85B3-1E13E33B2065}"
	ProjectSection(ProjectDependencies) = postProject
		{CC13FC29-C5D1-402F-99D4-6B43AC777D91} = {CC13FC29-C5D1-402F-99D4-6B43AC777D91}
		{87E65E20-ED08-48D4-AC2F-0A94C3206902} = {87E65E20-ED08-48D4-AC2F-0A94C3206902}
	EndProjectSection
EndProject
Project("{8BC9CEB8-8B4A-11D0-8D11-00A0C91BC942}") = "docs", "docs\docs.vcxproj", "{5CCE911E-1291-49BC-8A4B-ABFA3C6C8F46}"
	ProjectSection(ProjectDependencies) = postProject
		{CC13FC29-C5D1-402F-99D4-6B43AC777D91} = {CC13FC29-C5D1-402F-99D4-6B43AC777D91}
	EndProjectSection
EndProject
Project("{8BC9CEB8-8B4A-11D0-8D11-00A0C91BC942}") = "empty", "tests\empty.vcxproj", "{67CEAFB5-BC47-48CB-B76A-51DA93A3E986}"
	ProjectSection(ProjectDependencies) = postProject
		{CC13FC29-C5D1-402F-99D4-6B43AC777D91} = {CC13FC29-C5D1-402F-99D4-6B43AC777D91}
		{87E65E20-ED08-48D4-AC2F-0A94C3206902} = {87E65E20-ED08-48D4-AC2F-0A94C3206902}
	EndProjectSection
EndProject
Project("{8BC9CEB8-8B4A-11D0-8D11-00A0C91BC942}") = "events", "tests\events.vcxproj", "{5CD8A095-D092-462C-8493-26773E22B142}"
	ProjectSection(ProjectDependencies) = postProject
		{CC13FC29-C5D1-402F-99D4-6B43AC777D91} = {CC13FC29-C5D1-402F-99D4-6B43AC777D91}
		{87E65E20-ED08-48D4-AC2F-0A94C3206902} = {87E65E20-ED08-48D4-AC2F-0A94C3206902}
	EndProjectSection
EndProject
Project("{8BC9CEB8-8B4A-11D0-8D11-00A0C91BC942}") = "fsaa", "tests\fsaa.vcxproj", "{D9F790EB-FB2B-4148-B362-EB9DA8E7E4F6}"
	ProjectSection(ProjectDependencies) = postProject
		{CC13FC29-C5D1-402F-99D4-6B43AC777D91} = {CC13FC29-C5D1-402F-99D4-6B43AC777D91}
		{87E65E20-ED08-48D4-AC2F-0A94C3206902} = {87E65E20-ED08-48D4-AC2F-0A94C3206902}
	EndProjectSection
EndProject
Project("{8BC9CEB8-8B4A-11D0-8D11-00A0C91BC942}") = "gamma", "tests\gamma.vcxproj", "{C39935D5-653C-4DD2-87A5-AEB3B920B2DA}"
	ProjectSection(ProjectDependencies) = postProject
		{CC13FC29-C5D1-402F-99D4-6B43AC777D91} = {CC13FC29-C5D1-402F-99D4-6B43AC777D91}
		{87E65E20-ED08-48D4-AC2F-0A94C3206902} = {87E65E20-ED08-48D4-AC2F-0A94C3206902}
	EndProjectSection
EndProject
Project("{8BC9CEB8-8B4A-11D0-8D11-00A0C91BC942}") = "gears", "examples\gears.vcxproj", "{7A25DE43-3DF0-42D8-9A9E-E51BC524C707}"
	ProjectSection(ProjectDependencies) = postProject
		{CC13FC29-C5D1-402F-99D4-6B43AC777D91} = {CC13FC29-C5D1-402F-99D4-6B43AC777D91}
		{87E65E20-ED08-48D4-AC2F-0A94C3206902} = {87E65E20-ED08-48D4-AC2F-0A94C3206902}
	EndProjectSection
EndProject
Project("{8BC9CEB8-8B4A-11D0-8D11-00A0C91BC942}") = "glfw", "src\glfw.vcxproj", "{87E65E20-ED08-48D4-AC2F-0A94C3206902}"
	ProjectSection(ProjectDependencies) = postProject
		{CC13FC29-C5D1-402F-99D4-6B43AC777D91} = {CC13FC29-C5D1-402F-99D4-6B43AC777D91}
	EndProjectSection
EndProject
Project("{8BC9CEB8-8B4A-11D0-8D11-00A0C91BC942}") = "glfwinfo", "tests\glfwinfo.vcxproj", "{B0FDFCC4-2376-4A5C-9340-631C5C5EE75A}"
	ProjectSection(ProjectDependencies) = postProject
		{CC13FC29-C5D1-402F-99D4-6B43AC777D91} = {CC13FC29-C5D1-402F-99D4-6B43AC777D91}
		{87E65E20-ED08-48D4-AC2F-0A94C3206902} = {87E65E20-ED08-48D4-AC2F-0A94C3206902}
	EndProjectSection
EndProject
Project("{8BC9CEB8-8B4A-11D0-8D11-00A0C91BC942}") = "heightmap", "examples\heightmap.vcxproj", "{9E4338B5-03B2-4E9A-9B43-5264C44021B7}"
	ProjectSection(ProjectDependencies) = postProject
		{CC13FC29-C5D1-402F-99D4-6B43AC777D91} = {CC13FC29-C5D1-402F-99D4-6B43AC777D91}
		{87E65E20-ED08-48D4-AC2F-0A94C3206902} = {87E65E20-ED08-48D4-AC2F-0A94C3206902}
	EndProjectSection
EndProject
Project("{8BC9CEB8-8B4A-11D0-8D11-00A0C91BC942}") = "iconify", "tests\iconify.vcxproj", "{55975E41-409F-4E5E-9EDD-12B7FC6C789F}"
	ProjectSection(ProjectDependencies) = postProject
		{CC13FC29-C5D1-402F-99D4-6B43AC777D91} = {CC13FC29-C5D1-402F-99D4-6B43AC777D91}
		{87E65E20-ED08-48D4-AC2F-0A94C3206902} = {87E65E20-ED08-48D4-AC2F-0A94C3206902}
	EndProjectSection
EndProject
Project("{8BC9CEB8-8B4A-11D0-8D11-00A0C91BC942}") = "joysticks", "tests\joysticks.vcxproj", "{C6F60D47-65FC-4173-B529-8DCB5AEBD24C}"
	ProjectSection(ProjectDependencies) = postProject
		{CC13FC29-C5D1-402F-99D4-6B43AC777D91} = {CC13FC29-C5D1-402F-99D4-6B43AC777D91}
		{87E65E20-ED08-48D4-AC2F-0A94C3206902} = {87E65E20-ED08-48D4-AC2F-0A94C3206902}
	EndProjectSection
EndProject
Project("{8BC9CEB8-8B4A-11D0-8D11-00A0C91BC942}") = "monitors", "tests\monitors.vcxproj", "{3B47D9BA-E46A-4A14-8D5E-96DE3DDB2050}"
	ProjectSection(ProjectDependencies) = postProject
		{CC13FC29-C5D1-402F-99D4-6B43AC777D91} = {CC13FC29-C5D1-402F-99D4-6B43AC777D91}
		{87E65E20-ED08-48D4-AC2F-0A94C3206902} = {87E65E20-ED08-48D4-AC2F-0A94C3206902}
	EndProjectSection
EndProject
Project("{8BC9CEB8-8B4A-11D0-8D11-00A0C91BC942}") = "particles", "examples\particles.vcxproj", "{2CFDBCCD-AAEF-4EDC-96BB-66C928E214CE}"
	ProjectSection(ProjectDependencies) = postProject
		{CC13FC29-C5D1-402F-99D4-6B43AC777D91} = {CC13FC29-C5D1-402F-99D4-6B43AC777D91}
		{87E65E20-ED08-48D4-AC2F-0A94C3206902} = {87E65E20-ED08-48D4-AC2F-0A94C3206902}
	EndProjectSection
EndProject
Project("{8BC9CEB8-8B4A-11D0-8D11-00A0C91BC942}") = "peter", "tests\peter.vcxproj", "{5C90E251-D1A1-4B7E-814B-DFC5ACC142C4}"
	ProjectSection(ProjectDependencies) = postProject
		{CC13FC29-C5D1-402F-99D4-6B43AC777D91} = {CC13FC29-C5D1-402F-99D4-6B43AC777D91}
		{87E65E20-ED08-48D4-AC2F-0A94C3206902} = {87E65E20-ED08-48D4-AC2F-0A94C3206902}
	EndProjectSection
EndProject
Project("{8BC9CEB8-8B4A-11D0-8D11-00A0C91BC942}") = "reopen", "tests\reopen.vcxproj", "{20D54FA1-02E7-4611-9D76-876FBA25DB23}"
	ProjectSection(ProjectDependencies) = postProject
		{CC13FC29-C5D1-402F-99D4-6B43AC777D91} = {CC13FC29-C5D1-402F-99D4-6B43AC777D91}
		{87E65E20-ED08-48D4-AC2F-0A94C3206902} = {87E65E20-ED08-48D4-AC2F-0A94C3206902}
	EndProjectSection
EndProject
Project("{8BC9CEB8-8B4A-11D0-8D11-00A0C91BC942}") = "sharing", "tests\sharing.vcxproj", "{DC1A5BFD-80D5-4CFC-8AB6-C01536861C62}"
	ProjectSection(ProjectDependencies) = postProject
		{CC13FC29-C5D1-402F-99D4-6B43AC777D91} = {CC13FC29-C5D1-402F-99D4-6B43AC777D91}
		{87E65E20-ED08-48D4-AC2F-0A94C3206902} = {87E65E20-ED08-48D4-AC2F-0A94C3206902}
	EndProjectSection
EndProject
Project("{8BC9CEB8-8B4A-11D0-8D11-00A0C91BC942}") = "simple", "examples\simple.vcxproj", "{7DFBCFE9-1EED-4DF5-8167-D3436DEAD420}"
	ProjectSection(ProjectDependencies) = postProject
		{CC13FC29-C5D1-402F-99D4-6B43AC777D91} = {CC13FC29-C5D1-402F-99D4-6B43AC777D91}
		{87E65E20-ED08-48D4-AC2F-0A94C3206902} = {87E65E20-ED08-48D4-AC2F-0A94C3206902}
	EndProjectSection
EndProject
Project("{8BC9CEB8-8B4A-11D0-8D11-00A0C91BC942}") = "splitview", "examples\splitview.vcxproj", "{03D441E4-7530-4F5B-A33B-B730466166E4}"
	ProjectSection(ProjectDependencies) = postProject
		{CC13FC29-C5D1-402F-99D4-6B43AC777D91} = {CC13FC29-C5D1-402F-99D4-6B43AC777D91}
		{87E65E20-ED08-48D4-AC2F-0A94C3206902} = {87E65E20-ED08-48D4-AC2F-0A94C3206902}
	EndProjectSection
EndProject
Project("{8BC9CEB8-8B4A-11D0-8D11-00A0C91BC942}") = "tearing", "tests\tearing.vcxproj", "{8779B504-707F-48E6-9910-D6ADA45CE257}"
	ProjectSection(ProjectDependencies) = postProject
		{CC13FC29-C5D1-402F-99D4-6B43AC777D91} = {CC13FC29-C5D1-402F-99D4-6B43AC777D91}
		{87E65E20-ED08-48D4-AC2F-0A94C3206902} = {87E65E20-ED08-48D4-AC2F-0A94C3206902}
	EndProjectSection
EndProject
Project("{8BC9CEB8-8B4A-11D0-8D11-00A0C91BC942}") = "threads", "tests\threads.vcxproj", "{523FA46F-2D8F-4F91-8DF1-1713B5827801}"
	ProjectSection(ProjectDependencies) = postProject
		{CC13FC29-C5D1-402F-99D4-6B43AC777D91} = {CC13FC29-C5D1-402F-99D4-6B43AC777D91}
		{87E65E20-ED08-48D4-AC2F-0A94C3206902} = {87E65E20-ED08-48D4-AC2F-0A94C3206902}
	EndProjectSection
EndProject
Project("{8BC9CEB8-8B4A-11D0-8D11-00A0C91BC942}") = "title", "tests\title.vcxproj", "{503DB215-826C-46DC-A5CB-DFF2AE650D47}"
	ProjectSection(ProjectDependencies) = postProject
		{CC13FC29-C5D1-402F-99D4-6B43AC777D91} = {CC13FC29-C5D1-402F-99D4-6B43AC777D91}
		{87E65E20-ED08-48D4-AC2F-0A94C3206902} = {87E65E20-ED08-48D4-AC2F-0A94C3206902}
	EndProjectSection
EndProject
Project("{8BC9CEB8-8B4A-11D0-8D11-00A0C91BC942}") = "uninstall", "uninstall.vcxproj", "{866AE647-91BF-43B8-A032-E0BBD1ED1E3F}"
	ProjectSection(ProjectDependencies) = postProject
		{CC13FC29-C5D1-402F-99D4-6B43AC777D91} = {CC13FC29-C5D1-402F-99D4-6B43AC777D91}
	EndProjectSection
EndProject
Project("{8BC9CEB8-8B4A-11D0-8D11-00A0C91BC942}") = "wave", "examples\wave.vcxproj", "{69A1DF11-6737-4B3F-ABA7-28C1C794AF2D}"
	ProjectSection(ProjectDependencies) = postProject
		{CC13FC29-C5D1-402F-99D4-6B43AC777D91} = {CC13FC29-C5D1-402F-99D4-6B43AC777D91}
		{87E65E20-ED08-48D4-AC2F-0A94C3206902} = {87E65E20-ED08-48D4-AC2F-0A94C3206902}
	EndProjectSection
EndProject
Project("{8BC9CEB8-8B4A-11D0-8D11-00A0C91BC942}") = "windows", "tests\windows.vcxproj", "{9A5A8786-AD4F-4DA8-91AB-873CBD2258D4}"
	ProjectSection(ProjectDependencies) = postProject
		{CC13FC29-C5D1-402F-99D4-6B43AC777D91} = {CC13FC29-C5D1-402F-99D4-6B43AC777D91}
		{87E65E20-ED08-48D4-AC2F-0A94C3206902} = {87E65E20-ED08-48D4-AC2F-0A94C3206902}
	EndProjectSection
EndProject
Project("{2150E333-8FDC-42A3-9474-1A3956D46DE8}") = "CMakePredefinedTargets", "CMakePredefinedTargets", "{B3FB9BA5-E9A8-41E4-8895-5B1F509198BC}"
EndProject
Project("{2150E333-8FDC-42A3-9474-1A3956D46DE8}") = "GLFW3", "GLFW3", "{1102769C-533C-4187-983C-BAF35F950882}"
EndProject
Project("{2150E333-8FDC-42A3-9474-1A3956D46DE8}") = "Examples", "GLFW3\Examples", "{7E2D0859-61C8-4601-BA3E-03EF82A090EF}"
EndProject
Project("{2150E333-8FDC-42A3-9474-1A3956D46DE8}") = "Tests", "GLFW3\Tests", "{47180573-E96A-4F91-9D08-05C91C81FC6F}"
EndProject
Global
	GlobalSection(SolutionConfigurationPlatforms) = preSolution
		Debug|Win32 = Debug|Win32
		Release|Win32 = Release|Win32
		MinSizeRel|Win32 = MinSizeRel|Win32
		RelWithDebInfo|Win32 = RelWithDebInfo|Win32
	EndGlobalSection
	GlobalSection(ProjectConfigurationPlatforms) = postSolution
		{2703A789-59FD-4DE7-A689-C0ADAFE39D2D}.Debug|Win32.ActiveCfg = Debug|Win32
		{2703A789-59FD-4DE7-A689-C0ADAFE39D2D}.Debug|Win32.Build.0 = Debug|Win32
		{2703A789-59FD-4DE7-A689-C0ADAFE39D2D}.Release|Win32.ActiveCfg = Release|Win32
		{2703A789-59FD-4DE7-A689-C0ADAFE39D2D}.Release|Win32.Build.0 = Release|Win32
		{2703A789-59FD-4DE7-A689-C0ADAFE39D2D}.MinSizeRel|Win32.ActiveCfg = MinSizeRel|Win32
		{2703A789-59FD-4DE7-A689-C0ADAFE39D2D}.MinSizeRel|Win32.Build.0 = MinSizeRel|Win32
		{2703A789-59FD-4DE7-A689-C0ADAFE39D2D}.RelWithDebInfo|Win32.ActiveCfg = RelWithDebInfo|Win32
		{2703A789-59FD-4DE7-A689-C0ADAFE39D2D}.RelWithDebInfo|Win32.Build.0 = RelWithDebInfo|Win32
		{D3827E43-3843-42DA-9413-1090DF074EE0}.Debug|Win32.ActiveCfg = Debug|Win32
		{D3827E43-3843-42DA-9413-1090DF074EE0}.Release|Win32.ActiveCfg = Release|Win32
		{D3827E43-3843-42DA-9413-1090DF074EE0}.MinSizeRel|Win32.ActiveCfg = MinSizeRel|Win32
		{D3827E43-3843-42DA-9413-1090DF074EE0}.RelWithDebInfo|Win32.ActiveCfg = RelWithDebInfo|Win32
		{CC13FC29-C5D1-402F-99D4-6B43AC777D91}.Debug|Win32.ActiveCfg = Debug|Win32
		{CC13FC29-C5D1-402F-99D4-6B43AC777D91}.Debug|Win32.Build.0 = Debug|Win32
		{CC13FC29-C5D1-402F-99D4-6B43AC777D91}.Release|Win32.ActiveCfg = Release|Win32
		{CC13FC29-C5D1-402F-99D4-6B43AC777D91}.Release|Win32.Build.0 = Release|Win32
		{CC13FC29-C5D1-402F-99D4-6B43AC777D91}.MinSizeRel|Win32.ActiveCfg = MinSizeRel|Win32
		{CC13FC29-C5D1-402F-99D4-6B43AC777D91}.MinSizeRel|Win32.Build.0 = MinSizeRel|Win32
		{CC13FC29-C5D1-402F-99D4-6B43AC777D91}.RelWithDebInfo|Win32.ActiveCfg = RelWithDebInfo|Win32
		{CC13FC29-C5D1-402F-99D4-6B43AC777D91}.RelWithDebInfo|Win32.Build.0 = RelWithDebInfo|Win32
		{ADDFBC04-DB65-4AE5-BE60-C0D029C01CC7}.Debug|Win32.ActiveCfg = Debug|Win32
		{ADDFBC04-DB65-4AE5-BE60-C0D029C01CC7}.Debug|Win32.Build.0 = Debug|Win32
		{ADDFBC04-DB65-4AE5-BE60-C0D029C01CC7}.Release|Win32.ActiveCfg = Release|Win32
		{ADDFBC04-DB65-4AE5-BE60-C0D029C01CC7}.Release|Win32.Build.0 = Release|Win32
		{ADDFBC04-DB65-4AE5-BE60-C0D029C01CC7}.MinSizeRel|Win32.ActiveCfg = MinSizeRel|Win32
		{ADDFBC04-DB65-4AE5-BE60-C0D029C01CC7}.MinSizeRel|Win32.Build.0 = MinSizeRel|Win32
		{ADDFBC04-DB65-4AE5-BE60-C0D029C01CC7}.RelWithDebInfo|Win32.ActiveCfg = RelWithDebInfo|Win32
		{ADDFBC04-DB65-4AE5-BE60-C0D029C01CC7}.RelWithDebInfo|Win32.Build.0 = RelWithDebInfo|Win32
		{0C0A3A6A-0A5D-409B-A858-2630FF527C57}.Debug|Win32.ActiveCfg = Debug|Win32
		{0C0A3A6A-0A5D-409B-A858-2630FF527C57}.Debug|Win32.Build.0 = Debug|Win32
		{0C0A3A6A-0A5D-409B-A858-2630FF527C57}.Release|Win32.ActiveCfg = Release|Win32
		{0C0A3A6A-0A5D-409B-A858-2630FF527C57}.Release|Win32.Build.0 = Release|Win32
		{0C0A3A6A-0A5D-409B-A858-2630FF527C57}.MinSizeRel|Win32.ActiveCfg = MinSizeRel|Win32
		{0C0A3A6A-0A5D-409B-A858-2630FF527C57}.MinSizeRel|Win32.Build.0 = MinSizeRel|Win32
		{0C0A3A6A-0A5D-409B-A858-2630FF527C57}.RelWithDebInfo|Win32.ActiveCfg = RelWithDebInfo|Win32
		{0C0A3A6A-0A5D-409B-A858-2630FF527C57}.RelWithDebInfo|Win32.Build.0 = RelWithDebInfo|Win32
		{B06C9FBC-5899-4C68-AB76-654865B6AC50}.Debug|Win32.ActiveCfg = Debug|Win32
		{B06C9FBC-5899-4C68-AB76-654865B6AC50}.Debug|Win32.Build.0 = Debug|Win32
		{B06C9FBC-5899-4C68-AB76-654865B6AC50}.Release|Win32.ActiveCfg = Release|Win32
		{B06C9FBC-5899-4C68-AB76-654865B6AC50}.Release|Win32.Build.0 = Release|Win32
		{B06C9FBC-5899-4C68-AB76-654865B6AC50}.MinSizeRel|Win32.ActiveCfg = MinSizeRel|Win32
		{B06C9FBC-5899-4C68-AB76-654865B6AC50}.MinSizeRel|Win32.Build.0 = MinSizeRel|Win32
		{B06C9FBC-5899-4C68-AB76-654865B6AC50}.RelWithDebInfo|Win32.ActiveCfg = RelWithDebInfo|Win32
		{B06C9FBC-5899-4C68-AB76-654865B6AC50}.RelWithDebInfo|Win32.Build.0 = RelWithDebInfo|Win32
		{8398E852-BF3F-46BF-83C6-6DFF3CC845C2}.Debug|Win32.ActiveCfg = Debug|Win32
		{8398E852-BF3F-46BF-83C6-6DFF3CC845C2}.Debug|Win32.Build.0 = Debug|Win32
		{8398E852-BF3F-46BF-83C6-6DFF3CC845C2}.Release|Win32.ActiveCfg = Release|Win32
		{8398E852-BF3F-46BF-83C6-6DFF3CC845C2}.Release|Win32.Build.0 = Release|Win32
		{8398E852-BF3F-46BF-83C6-6DFF3CC845C2}.MinSizeRel|Win32.ActiveCfg = MinSizeRel|Win32
		{8398E852-BF3F-46BF-83C6-6DFF3CC845C2}.MinSizeRel|Win32.Build.0 = MinSizeRel|Win32
		{8398E852-BF3F-46BF-83C6-6DFF3CC845C2}.RelWithDebInfo|Win32.ActiveCfg = RelWithDebInfo|Win32
		{8398E852-BF3F-46BF-83C6-6DFF3CC845C2}.RelWithDebInfo|Win32.Build.0 = RelWithDebInfo|Win32
		{B64CCDFC-C94E-47B5-8BB5-0CB030E24E79}.Debug|Win32.ActiveCfg = Debug|Win32
		{B64CCDFC-C94E-47B5-8BB5-0CB030E24E79}.Debug|Win32.Build.0 = Debug|Win32
		{B64CCDFC-C94E-47B5-8BB5-0CB030E24E79}.Release|Win32.ActiveCfg = Release|Win32
		{B64CCDFC-C94E-47B5-8BB5-0CB030E24E79}.Release|Win32.Build.0 = Release|Win32
		{B64CCDFC-C94E-47B5-8BB5-0CB030E24E79}.MinSizeRel|Win32.ActiveCfg = MinSizeRel|Win32
		{B64CCDFC-C94E-47B5-8BB5-0CB030E24E79}.MinSizeRel|Win32.Build.0 = MinSizeRel|Win32
		{B64CCDFC-C94E-47B5-8BB5-0CB030E24E79}.RelWithDebInfo|Win32.ActiveCfg = RelWithDebInfo|Win32
		{B64CCDFC-C94E-47B5-8BB5-0CB030E24E79}.RelWithDebInfo|Win32.Build.0 = RelWithDebInfo|Win32
		{A1074AC5-D011-4EF0-85B3-1E13E33B2065}.Debug|Win32.ActiveCfg = Debug|Win32
		{A1074AC5-D011-4EF0-85B3-1E13E33B2065}.Debug|Win32.Build.0 = Debug|Win32
		{A1074AC5-D011-4EF0-85B3-1E13E33B2065}.Release|Win32.ActiveCfg = Release|Win32
		{A1074AC5-D011-4EF0-85B3-1E13E33B2065}.Release|Win32.Build.0 = Release|Win32
		{A1074AC5-D011-4EF0-85B3-1E13E33B2065}.MinSizeRel|Win32.ActiveCfg = MinSizeRel|Win32
		{A1074AC5-D011-4EF0-85B3-1E13E33B2065}.MinSizeRel|Win32.Build.0 = MinSizeRel|Win32
		{A1074AC5-D011-4EF0-85B3-1E13E33B2065}.RelWithDebInfo|Win32.ActiveCfg = RelWithDebInfo|Win32
		{A1074AC5-D011-4EF0-85B3-1E13E33B2065}.RelWithDebInfo|Win32.Build.0 = RelWithDebInfo|Win32
		{5CCE911E-1291-49BC-8A4B-ABFA3C6C8F46}.Debug|Win32.ActiveCfg = Debug|Win32
		{5CCE911E-1291-49BC-8A4B-ABFA3C6C8F46}.Debug|Win32.Build.0 = Debug|Win32
		{5CCE911E-1291-49BC-8A4B-ABFA3C6C8F46}.Release|Win32.ActiveCfg = Release|Win32
		{5CCE911E-1291-49BC-8A4B-ABFA3C6C8F46}.Release|Win32.Build.0 = Release|Win32
		{5CCE911E-1291-49BC-8A4B-ABFA3C6C8F46}.MinSizeRel|Win32.ActiveCfg = MinSizeRel|Win32
		{5CCE911E-1291-49BC-8A4B-ABFA3C6C8F46}.MinSizeRel|Win32.Build.0 = MinSizeRel|Win32
		{5CCE911E-1291-49BC-8A4B-ABFA3C6C8F46}.RelWithDebInfo|Win32.ActiveCfg = RelWithDebInfo|Win32
		{5CCE911E-1291-49BC-8A4B-ABFA3C6C8F46}.RelWithDebInfo|Win32.Build.0 = RelWithDebInfo|Win32
		{67CEAFB5-BC47-48CB-B76A-51DA93A3E986}.Debug|Win32.ActiveCfg = Debug|Win32
		{67CEAFB5-BC47-48CB-B76A-51DA93A3E986}.Debug|Win32.Build.0 = Debug|Win32
		{67CEAFB5-BC47-48CB-B76A-51DA93A3E986}.Release|Win32.ActiveCfg = Release|Win32
		{67CEAFB5-BC47-48CB-B76A-51DA93A3E986}.Release|Win32.Build.0 = Release|Win32
		{67CEAFB5-BC47-48CB-B76A-51DA93A3E986}.MinSizeRel|Win32.ActiveCfg = MinSizeRel|Win32
		{67CEAFB5-BC47-48CB-B76A-51DA93A3E986}.MinSizeRel|Win32.Build.0 = MinSizeRel|Win32
		{67CEAFB5-BC47-48CB-B76A-51DA93A3E986}.RelWithDebInfo|Win32.ActiveCfg = RelWithDebInfo|Win32
		{67CEAFB5-BC47-48CB-B76A-51DA93A3E986}.RelWithDebInfo|Win32.Build.0 = RelWithDebInfo|Win32
		{5CD8A095-D092-462C-8493-26773E22B142}.Debug|Win32.ActiveCfg = Debug|Win32
		{5CD8A095-D092-462C-8493-26773E22B142}.Debug|Win32.Build.0 = Debug|Win32
		{5CD8A095-D092-462C-8493-26773E22B142}.Release|Win32.ActiveCfg = Release|Win32
		{5CD8A095-D092-462C-8493-26773E22B142}.Release|Win32.Build.0 = Release|Win32
		{5CD8A095-D092-462C-8493-26773E22B142}.MinSizeRel|Win32.ActiveCfg = MinSizeRel|Win32
		{5CD8A095-D092-462C-8493-26773E22B142}.MinSizeRel|Win32.Build.0 = MinSizeRel|Win32
		{5CD8A095-D092-462C-8493-26773E22B142}.RelWithDebInfo|Win32.ActiveCfg = RelWithDebInfo|Win32
		{5CD8A095-D092-462C-8493-26773E22B142}.RelWithDebInfo|Win32.Build.0 = RelWithDebInfo|Win32
		{D9F790EB-FB2B-4148-B362-EB9DA8E7E4F6}.Debug|Win32.ActiveCfg = Debug|Win32
		{D9F790EB-FB2B-4148-B362-EB9DA8E7E4F6}.Debug|Win32.Build.0 = Debug|Win32
		{D9F790EB-FB2B-4148-B362-EB9DA8E7E4F6}.Release|Win32.ActiveCfg = Release|Win32
		{D9F790EB-FB2B-4148-B362-EB9DA8E7E4F6}.Release|Win32.Build.0 = Release|Win32
		{D9F790EB-FB2B-4148-B362-EB9DA8E7E4F6}.MinSizeRel|Win32.ActiveCfg = MinSizeRel|Win32
		{D9F790EB-FB2B-4148-B362-EB9DA8E7E4F6}.MinSizeRel|Win32.Build.0 = MinSizeRel|Win32
		{D9F790EB-FB2B-4148-B362-EB9DA8E7E4F6}.RelWithDebInfo|Win32.ActiveCfg = RelWithDebInfo|Win32
		{D9F790EB-FB2B-4148-B362-EB9DA8E7E4F6}.RelWithDebInfo|Win32.Build.0 = RelWithDebInfo|Win32
		{C39935D5-653C-4DD2-87A5-AEB3B920B2DA}.Debug|Win32.ActiveCfg = Debug|Win32
		{C39935D5-653C-4DD2-87A5-AEB3B920B2DA}.Debug|Win32.Build.0 = Debug|Win32
		{C39935D5-653C-4DD2-87A5-AEB3B920B2DA}.Release|Win32.ActiveCfg = Release|Win32
		{C39935D5-653C-4DD2-87A5-AEB3B920B2DA}.Release|Win32.Build.0 = Release|Win32
		{C39935D5-653C-4DD2-87A5-AEB3B920B2DA}.MinSizeRel|Win32.ActiveCfg = MinSizeRel|Win32
		{C39935D5-653C-4DD2-87A5-AEB3B920B2DA}.MinSizeRel|Win32.Build.0 = MinSizeRel|Win32
		{C39935D5-653C-4DD2-87A5-AEB3B920B2DA}.RelWithDebInfo|Win32.ActiveCfg = RelWithDebInfo|Win32
		{C39935D5-653C-4DD2-87A5-AEB3B920B2DA}.RelWithDebInfo|Win32.Build.0 = RelWithDebInfo|Win32
		{7A25DE43-3DF0-42D8-9A9E-E51BC524C707}.Debug|Win32.ActiveCfg = Debug|Win32
		{7A25DE43-3DF0-42D8-9A9E-E51BC524C707}.Debug|Win32.Build.0 = Debug|Win32
		{7A25DE43-3DF0-42D8-9A9E-E51BC524C707}.Release|Win32.ActiveCfg = Release|Win32
		{7A25DE43-3DF0-42D8-9A9E-E51BC524C707}.Release|Win32.Build.0 = Release|Win32
		{7A25DE43-3DF0-42D8-9A9E-E51BC524C707}.MinSizeRel|Win32.ActiveCfg = MinSizeRel|Win32
		{7A25DE43-3DF0-42D8-9A9E-E51BC524C707}.MinSizeRel|Win32.Build.0 = MinSizeRel|Win32
		{7A25DE43-3DF0-42D8-9A9E-E51BC524C707}.RelWithDebInfo|Win32.ActiveCfg = RelWithDebInfo|Win32
		{7A25DE43-3DF0-42D8-9A9E-E51BC524C707}.RelWithDebInfo|Win32.Build.0 = RelWithDebInfo|Win32
		{87E65E20-ED08-48D4-AC2F-0A94C3206902}.Debug|Win32.ActiveCfg = Debug|Win32
		{87E65E20-ED08-48D4-AC2F-0A94C3206902}.Debug|Win32.Build.0 = Debug|Win32
		{87E65E20-ED08-48D4-AC2F-0A94C3206902}.Release|Win32.ActiveCfg = Release|Win32
		{87E65E20-ED08-48D4-AC2F-0A94C3206902}.Release|Win32.Build.0 = Release|Win32
		{87E65E20-ED08-48D4-AC2F-0A94C3206902}.MinSizeRel|Win32.ActiveCfg = MinSizeRel|Win32
		{87E65E20-ED08-48D4-AC2F-0A94C3206902}.MinSizeRel|Win32.Build.0 = MinSizeRel|Win32
		{87E65E20-ED08-48D4-AC2F-0A94C3206902}.RelWithDebInfo|Win32.ActiveCfg = RelWithDebInfo|Win32
		{87E65E20-ED08-48D4-AC2F-0A94C3206902}.RelWithDebInfo|Win32.Build.0 = RelWithDebInfo|Win32
		{B0FDFCC4-2376-4A5C-9340-631C5C5EE75A}.Debug|Win32.ActiveCfg = Debug|Win32
		{B0FDFCC4-2376-4A5C-9340-631C5C5EE75A}.Debug|Win32.Build.0 = Debug|Win32
		{B0FDFCC4-2376-4A5C-9340-631C5C5EE75A}.Release|Win32.ActiveCfg = Release|Win32
		{B0FDFCC4-2376-4A5C-9340-631C5C5EE75A}.Release|Win32.Build.0 = Release|Win32
		{B0FDFCC4-2376-4A5C-9340-631C5C5EE75A}.MinSizeRel|Win32.ActiveCfg = MinSizeRel|Win32
		{B0FDFCC4-2376-4A5C-9340-631C5C5EE75A}.MinSizeRel|Win32.Build.0 = MinSizeRel|Win32
		{B0FDFCC4-2376-4A5C-9340-631C5C5EE75A}.RelWithDebInfo|Win32.ActiveCfg = RelWithDebInfo|Win32
		{B0FDFCC4-2376-4A5C-9340-631C5C5EE75A}.RelWithDebInfo|Win32.Build.0 = RelWithDebInfo|Win32
		{9E4338B5-03B2-4E9A-9B43-5264C44021B7}.Debug|Win32.ActiveCfg = Debug|Win32
		{9E4338B5-03B2-4E9A-9B43-5264C44021B7}.Debug|Win32.Build.0 = Debug|Win32
		{9E4338B5-03B2-4E9A-9B43-5264C44021B7}.Release|Win32.ActiveCfg = Release|Win32
		{9E4338B5-03B2-4E9A-9B43-5264C44021B7}.Release|Win32.Build.0 = Release|Win32
		{9E4338B5-03B2-4E9A-9B43-5264C44021B7}.MinSizeRel|Win32.ActiveCfg = MinSizeRel|Win32
		{9E4338B5-03B2-4E9A-9B43-5264C44021B7}.MinSizeRel|Win32.Build.0 = MinSizeRel|Win32
		{9E4338B5-03B2-4E9A-9B43-5264C44021B7}.RelWithDebInfo|Win32.ActiveCfg = RelWithDebInfo|Win32
		{9E4338B5-03B2-4E9A-9B43-5264C44021B7}.RelWithDebInfo|Win32.Build.0 = RelWithDebInfo|Win32
		{55975E41-409F-4E5E-9EDD-12B7FC6C789F}.Debug|Win32.ActiveCfg = Debug|Win32
		{55975E41-409F-4E5E-9EDD-12B7FC6C789F}.Debug|Win32.Build.0 = Debug|Win32
		{55975E41-409F-4E5E-9EDD-12B7FC6C789F}.Release|Win32.ActiveCfg = Release|Win32
		{55975E41-409F-4E5E-9EDD-12B7FC6C789F}.Release|Win32.Build.0 = Release|Win32
		{55975E41-409F-4E5E-9EDD-12B7FC6C789F}.MinSizeRel|Win32.ActiveCfg = MinSizeRel|Win32
		{55975E41-409F-4E5E-9EDD-12B7FC6C789F}.MinSizeRel|Win32.Build.0 = MinSizeRel|Win32
		{55975E41-409F-4E5E-9EDD-12B7FC6C789F}.RelWithDebInfo|Win32.ActiveCfg = RelWithDebInfo|Win32
		{55975E41-409F-4E5E-9EDD-12B7FC6C789F}.RelWithDebInfo|Win32.Build.0 = RelWithDebInfo|Win32
		{C6F60D47-65FC-4173-B529-8DCB5AEBD24C}.Debug|Win32.ActiveCfg = Debug|Win32
		{C6F60D47-65FC-4173-B529-8DCB5AEBD24C}.Debug|Win32.Build.0 = Debug|Win32
		{C6F60D47-65FC-4173-B529-8DCB5AEBD24C}.Release|Win32.ActiveCfg = Release|Win32
		{C6F60D47-65FC-4173-B529-8DCB5AEBD24C}.Release|Win32.Build.0 = Release|Win32
		{C6F60D47-65FC-4173-B529-8DCB5AEBD24C}.MinSizeRel|Win32.ActiveCfg = MinSizeRel|Win32
		{C6F60D47-65FC-4173-B529-8DCB5AEBD24C}.MinSizeRel|Win32.Build.0 = MinSizeRel|Win32
		{C6F60D47-65FC-4173-B529-8DCB5AEBD24C}.RelWithDebInfo|Win32.ActiveCfg = RelWithDebInfo|Win32
		{C6F60D47-65FC-4173-B529-8DCB5AEBD24C}.RelWithDebInfo|Win32.Build.0 = RelWithDebInfo|Win32
		{3B47D9BA-E46A-4A14-8D5E-96DE3DDB2050}.Debug|Win32.ActiveCfg = Debug|Win32
		{3B47D9BA-E46A-4A14-8D5E-96DE3DDB2050}.Debug|Win32.Build.0 = Debug|Win32
		{3B47D9BA-E46A-4A14-8D5E-96DE3DDB2050}.Release|Win32.ActiveCfg = Release|Win32
		{3B47D9BA-E46A-4A14-8D5E-96DE3DDB2050}.Release|Win32.Build.0 = Release|Win32
		{3B47D9BA-E46A-4A14-8D5E-96DE3DDB2050}.MinSizeRel|Win32.ActiveCfg = MinSizeRel|Win32
		{3B47D9BA-E46A-4A14-8D5E-96DE3DDB2050}.MinSizeRel|Win32.Build.0 = MinSizeRel|Win32
		{3B47D9BA-E46A-4A14-8D5E-96DE3DDB2050}.RelWithDebInfo|Win32.ActiveCfg = RelWithDebInfo|Win32
		{3B47D9BA-E46A-4A14-8D5E-96DE3DDB2050}.RelWithDebInfo|Win32.Build.0 = RelWithDebInfo|Win32
		{2CFDBCCD-AAEF-4EDC-96BB-66C928E214CE}.Debug|Win32.ActiveCfg = Debug|Win32
		{2CFDBCCD-AAEF-4EDC-96BB-66C928E214CE}.Debug|Win32.Build.0 = Debug|Win32
		{2CFDBCCD-AAEF-4EDC-96BB-66C928E214CE}.Release|Win32.ActiveCfg = Release|Win32
		{2CFDBCCD-AAEF-4EDC-96BB-66C928E214CE}.Release|Win32.Build.0 = Release|Win32
		{2CFDBCCD-AAEF-4EDC-96BB-66C928E214CE}.MinSizeRel|Win32.ActiveCfg = MinSizeRel|Win32
		{2CFDBCCD-AAEF-4EDC-96BB-66C928E214CE}.MinSizeRel|Win32.Build.0 = MinSizeRel|Win32
		{2CFDBCCD-AAEF-4EDC-96BB-66C928E214CE}.RelWithDebInfo|Win32.ActiveCfg = RelWithDebInfo|Win32
		{2CFDBCCD-AAEF-4EDC-96BB-66C928E214CE}.RelWithDebInfo|Win32.Build.0 = RelWithDebInfo|Win32
		{5C90E251-D1A1-4B7E-814B-DFC5ACC142C4}.Debug|Win32.ActiveCfg = Debug|Win32
		{5C90E251-D1A1-4B7E-814B-DFC5ACC142C4}.Debug|Win32.Build.0 = Debug|Win32
		{5C90E251-D1A1-4B7E-814B-DFC5ACC142C4}.Release|Win32.ActiveCfg = Release|Win32
		{5C90E251-D1A1-4B7E-814B-DFC5ACC142C4}.Release|Win32.Build.0 = Release|Win32
		{5C90E251-D1A1-4B7E-814B-DFC5ACC142C4}.MinSizeRel|Win32.ActiveCfg = MinSizeRel|Win32
		{5C90E251-D1A1-4B7E-814B-DFC5ACC142C4}.MinSizeRel|Win32.Build.0 = MinSizeRel|Win32
		{5C90E251-D1A1-4B7E-814B-DFC5ACC142C4}.RelWithDebInfo|Win32.ActiveCfg = RelWithDebInfo|Win32
		{5C90E251-D1A1-4B7E-814B-DFC5ACC142C4}.RelWithDebInfo|Win32.Build.0 = RelWithDebInfo|Win32
		{20D54FA1-02E7-4611-9D76-876FBA25DB23}.Debug|Win32.ActiveCfg = Debug|Win32
		{20D54FA1-02E7-4611-9D76-876FBA25DB23}.Debug|Win32.Build.0 = Debug|Win32
		{20D54FA1-02E7-4611-9D76-876FBA25DB23}.Release|Win32.ActiveCfg = Release|Win32
		{20D54FA1-02E7-4611-9D76-876FBA25DB23}.Release|Win32.Build.0 = Release|Win32
		{20D54FA1-02E7-4611-9D76-876FBA25DB23}.MinSizeRel|Win32.ActiveCfg = MinSizeRel|Win32
		{20D54FA1-02E7-4611-9D76-876FBA25DB23}.MinSizeRel|Win32.Build.0 = MinSizeRel|Win32
		{20D54FA1-02E7-4611-9D76-876FBA25DB23}.RelWithDebInfo|Win32.ActiveCfg = RelWithDebInfo|Win32
		{20D54FA1-02E7-4611-9D76-876FBA25DB23}.RelWithDebInfo|Win32.Build.0 = RelWithDebInfo|Win32
		{DC1A5BFD-80D5-4CFC-8AB6-C01536861C62}.Debug|Win32.ActiveCfg = Debug|Win32
		{DC1A5BFD-80D5-4CFC-8AB6-C01536861C62}.Debug|Win32.Build.0 = Debug|Win32
		{DC1A5BFD-80D5-4CFC-8AB6-C01536861C62}.Release|Win32.ActiveCfg = Release|Win32
		{DC1A5BFD-80D5-4CFC-8AB6-C01536861C62}.Release|Win32.Build.0 = Release|Win32
		{DC1A5BFD-80D5-4CFC-8AB6-C01536861C62}.MinSizeRel|Win32.ActiveCfg = MinSizeRel|Win32
		{DC1A5BFD-80D5-4CFC-8AB6-C01536861C62}.MinSizeRel|Win32.Build.0 = MinSizeRel|Win32
		{DC1A5BFD-80D5-4CFC-8AB6-C01536861C62}.RelWithDebInfo|Win32.ActiveCfg = RelWithDebInfo|Win32
		{DC1A5BFD-80D5-4CFC-8AB6-C01536861C62}.RelWithDebInfo|Win32.Build.0 = RelWithDebInfo|Win32
		{7DFBCFE9-1EED-4DF5-8167-D3436DEAD420}.Debug|Win32.ActiveCfg = Debug|Win32
		{7DFBCFE9-1EED-4DF5-8167-D3436DEAD420}.Debug|Win32.Build.0 = Debug|Win32
		{7DFBCFE9-1EED-4DF5-8167-D3436DEAD420}.Release|Win32.ActiveCfg = Release|Win32
		{7DFBCFE9-1EED-4DF5-8167-D3436DEAD420}.Release|Win32.Build.0 = Release|Win32
		{7DFBCFE9-1EED-4DF5-8167-D3436DEAD420}.MinSizeRel|Win32.ActiveCfg = MinSizeRel|Win32
		{7DFBCFE9-1EED-4DF5-8167-D3436DEAD420}.MinSizeRel|Win32.Build.0 = MinSizeRel|Win32
		{7DFBCFE9-1EED-4DF5-8167-D3436DEAD420}.RelWithDebInfo|Win32.ActiveCfg = RelWithDebInfo|Win32
		{7DFBCFE9-1EED-4DF5-8167-D3436DEAD420}.RelWithDebInfo|Win32.Build.0 = RelWithDebInfo|Win32
		{03D441E4-7530-4F5B-A33B-B730466166E4}.Debug|Win32.ActiveCfg = Debug|Win32
		{03D441E4-7530-4F5B-A33B-B730466166E4}.Debug|Win32.Build.0 = Debug|Win32
		{03D441E4-7530-4F5B-A33B-B730466166E4}.Release|Win32.ActiveCfg = Release|Win32
		{03D441E4-7530-4F5B-A33B-B730466166E4}.Release|Win32.Build.0 = Release|Win32
		{03D441E4-7530-4F5B-A33B-B730466166E4}.MinSizeRel|Win32.ActiveCfg = MinSizeRel|Win32
		{03D441E4-7530-4F5B-A33B-B730466166E4}.MinSizeRel|Win32.Build.0 = MinSizeRel|Win32
		{03D441E4-7530-4F5B-A33B-B730466166E4}.RelWithDebInfo|Win32.ActiveCfg = RelWithDebInfo|Win32
		{03D441E4-7530-4F5B-A33B-B730466166E4}.RelWithDebInfo|Win32.Build.0 = RelWithDebInfo|Win32
		{8779B504-707F-48E6-9910-D6ADA45CE257}.Debug|Win32.ActiveCfg = Debug|Win32
		{8779B504-707F-48E6-9910-D6ADA45CE257}.Debug|Win32.Build.0 = Debug|Win32
		{8779B504-707F-48E6-9910-D6ADA45CE257}.Release|Win32.ActiveCfg = Release|Win32
		{8779B504-707F-48E6-9910-D6ADA45CE257}.Release|Win32.Build.0 = Release|Win32
		{8779B504-707F-48E6-9910-D6ADA45CE257}.MinSizeRel|Win32.ActiveCfg = MinSizeRel|Win32
		{8779B504-707F-48E6-9910-D6ADA45CE257}.MinSizeRel|Win32.Build.0 = MinSizeRel|Win32
		{8779B504-707F-48E6-9910-D6ADA45CE257}.RelWithDebInfo|Win32.ActiveCfg = RelWithDebInfo|Win32
		{8779B504-707F-48E6-9910-D6ADA45CE257}.RelWithDebInfo|Win32.Build.0 = RelWithDebInfo|Win32
		{523FA46F-2D8F-4F91-8DF1-1713B5827801}.Debug|Win32.ActiveCfg = Debug|Win32
		{523FA46F-2D8F-4F91-8DF1-1713B5827801}.Debug|Win32.Build.0 = Debug|Win32
		{523FA46F-2D8F-4F91-8DF1-1713B5827801}.Release|Win32.ActiveCfg = Release|Win32
		{523FA46F-2D8F-4F91-8DF1-1713B5827801}.Release|Win32.Build.0 = Release|Win32
		{523FA46F-2D8F-4F91-8DF1-1713B5827801}.MinSizeRel|Win32.ActiveCfg = MinSizeRel|Win32
		{523FA46F-2D8F-4F91-8DF1-1713B5827801}.MinSizeRel|Win32.Build.0 = MinSizeRel|Win32
		{523FA46F-2D8F-4F91-8DF1-1713B5827801}.RelWithDebInfo|Win32.ActiveCfg = RelWithDebInfo|Win32
		{523FA46F-2D8F-4F91-8DF1-1713B5827801}.RelWithDebInfo|Win32.Build.0 = RelWithDebInfo|Win32
		{503DB215-826C-46DC-A5CB-DFF2AE650D47}.Debug|Win32.ActiveCfg = Debug|Win32
		{503DB215-826C-46DC-A5CB-DFF2AE650D47}.Debug|Win32.Build.0 = Debug|Win32
		{503DB215-826C-46DC-A5CB-DFF2AE650D47}.Release|Win32.ActiveCfg = Release|Win32
		{503DB215-826C-46DC-A5CB-DFF2AE650D47}.Release|Win32.Build.0 = Release|Win32
		{503DB215-826C-46DC-A5CB-DFF2AE650D47}.MinSizeRel|Win32.ActiveCfg = MinSizeRel|Win32
		{503DB215-826C-46DC-A5CB-DFF2AE650D47}.MinSizeRel|Win32.Build.0 = MinSizeRel|Win32
		{503DB215-826C-46DC-A5CB-DFF2AE650D47}.RelWithDebInfo|Win32.ActiveCfg = RelWithDebInfo|Win32
		{503DB215-826C-46DC-A5CB-DFF2AE650D47}.RelWithDebInfo|Win32.Build.0 = RelWithDebInfo|Win32
		{866AE647-91BF-43B8-A032-E0BBD1ED1E3F}.Debug|Win32.ActiveCfg = Debug|Win32
		{866AE647-91BF-43B8-A032-E0BBD1ED1E3F}.Release|Win32.ActiveCfg = Release|Win32
		{866AE647-91BF-43B8-A032-E0BBD1ED1E3F}.MinSizeRel|Win32.ActiveCfg = MinSizeRel|Win32
		{866AE647-91BF-43B8-A032-E0BBD1ED1E3F}.RelWithDebInfo|Win32.ActiveCfg = RelWithDebInfo|Win32
		{69A1DF11-6737-4B3F-ABA7-28C1C794AF2D}.Debug|Win32.ActiveCfg = Debug|Win32
		{69A1DF11-6737-4B3F-ABA7-28C1C794AF2D}.Debug|Win32.Build.0 = Debug|Win32
		{69A1DF11-6737-4B3F-ABA7-28C1C794AF2D}.Release|Win32.ActiveCfg = Release|Win32
		{69A1DF11-6737-4B3F-ABA7-28C1C794AF2D}.Release|Win32.Build.0 = Release|Win32
		{69A1DF11-6737-4B3F-ABA7-28C1C794AF2D}.MinSizeRel|Win32.ActiveCfg = MinSizeRel|Win32
		{69A1DF11-6737-4B3F-ABA7-28C1C794AF2D}.MinSizeRel|Win32.Build.0 = MinSizeRel|Win32
		{69A1DF11-6737-4B3F-ABA7-28C1C794AF2D}.RelWithDebInfo|Win32.ActiveCfg = RelWithDebInfo|Win32
		{69A1DF11-6737-4B3F-ABA7-28C1C794AF2D}.RelWithDebInfo|Win32.Build.0 = RelWithDebInfo|Win32
		{9A5A8786-AD4F-4DA8-91AB-873CBD2258D4}.Debug|Win32.ActiveCfg = Debug|Win32
		{9A5A8786-AD4F-4DA8-91AB-873CBD2258D4}.Debug|Win32.Build.0 = Debug|Win32
		{9A5A8786-AD4F-4DA8-91AB-873CBD2258D4}.Release|Win32.ActiveCfg = Release|Win32
		{9A5A8786-AD4F-4DA8-91AB-873CBD2258D4}.Release|Win32.Build.0 = Release|Win32
		{9A5A8786-AD4F-4DA8-91AB-873CBD2258D4}.MinSizeRel|Win32.ActiveCfg = MinSizeRel|Win32
		{9A5A8786-AD4F-4DA8-91AB-873CBD2258D4}.MinSizeRel|Win32.Build.0 = MinSizeRel|Win32
		{9A5A8786-AD4F-4DA8-91AB-873CBD2258D4}.RelWithDebInfo|Win32.ActiveCfg = RelWithDebInfo|Win32
		{9A5A8786-AD4F-4DA8-91AB-873CBD2258D4}.RelWithDebInfo|Win32.Build.0 = RelWithDebInfo|Win32
	EndGlobalSection
	GlobalSection(NestedProjects) = preSolution
		{D3827E43-3843-42DA-9413-1090DF074EE0} = {B3FB9BA5-E9A8-41E4-8895-5B1F509198BC}
		{CC13FC29-C5D1-402F-99D4-6B43AC777D91} = {B3FB9BA5-E9A8-41E4-8895-5B1F509198BC}
		{7E2D0859-61C8-4601-BA3E-03EF82A090EF} = {1102769C-533C-4187-983C-BAF35F950882}
		{47180573-E96A-4F91-9D08-05C91C81FC6F} = {1102769C-533C-4187-983C-BAF35F950882}
		{87E65E20-ED08-48D4-AC2F-0A94C3206902} = {1102769C-533C-4187-983C-BAF35F950882}
		{0C0A3A6A-0A5D-409B-A858-2630FF527C57} = {7E2D0859-61C8-4601-BA3E-03EF82A090EF}
		{7A25DE43-3DF0-42D8-9A9E-E51BC524C707} = {7E2D0859-61C8-4601-BA3E-03EF82A090EF}
		{9E4338B5-03B2-4E9A-9B43-5264C44021B7} = {7E2D0859-61C8-4601-BA3E-03EF82A090EF}
		{2CFDBCCD-AAEF-4EDC-96BB-66C928E214CE} = {7E2D0859-61C8-4601-BA3E-03EF82A090EF}
		{7DFBCFE9-1EED-4DF5-8167-D3436DEAD420} = {7E2D0859-61C8-4601-BA3E-03EF82A090EF}
		{03D441E4-7530-4F5B-A33B-B730466166E4} = {7E2D0859-61C8-4601-BA3E-03EF82A090EF}
		{69A1DF11-6737-4B3F-ABA7-28C1C794AF2D} = {7E2D0859-61C8-4601-BA3E-03EF82A090EF}
		{ADDFBC04-DB65-4AE5-BE60-C0D029C01CC7} = {47180573-E96A-4F91-9D08-05C91C81FC6F}
		{B06C9FBC-5899-4C68-AB76-654865B6AC50} = {47180573-E96A-4F91-9D08-05C91C81FC6F}
		{8398E852-BF3F-46BF-83C6-6DFF3CC845C2} = {47180573-E96A-4F91-9D08-05C91C81FC6F}
		{B64CCDFC-C94E-47B5-8BB5-0CB030E24E79} = {47180573-E96A-4F91-9D08-05C91C81FC6F}
		{A1074AC5-D011-4EF0-85B3-1E13E33B2065} = {47180573-E96A-4F91-9D08-05C91C81FC6F}
		{67CEAFB5-BC47-48CB-B76A-51DA93A3E986} = {47180573-E96A-4F91-9D08-05C91C81FC6F}
		{5CD8A095-D092-462C-8493-26773E22B142} = {47180573-E96A-4F91-9D08-05C91C81FC6F}
		{D9F790EB-FB2B-4148-B362-EB9DA8E7E4F6} = {47180573-E96A-4F91-9D08-05C91C81FC6F}
		{C39935D5-653C-4DD2-87A5-AEB3B920B2DA} = {47180573-E96A-4F91-9D08-05C91C81FC6F}
		{B0FDFCC4-2376-4A5C-9340-631C5C5EE75A} = {47180573-E96A-4F91-9D08-05C91C81FC6F}
		{55975E41-409F-4E5E-9EDD-12B7FC6C789F} = {47180573-E96A-4F91-9D08-05C91C81FC6F}
		{C6F60D47-65FC-4173-B529-8DCB5AEBD24C} = {47180573-E96A-4F91-9D08-05C91C81FC6F}
		{3B47D9BA-E46A-4A14-8D5E-96DE3DDB2050} = {47180573-E96A-4F91-9D08-05C91C81FC6F}
		{5C90E251-D1A1-4B7E-814B-DFC5ACC142C4} = {47180573-E96A-4F91-9D08-05C91C81FC6F}
		{20D54FA1-02E7-4611-9D76-876FBA25DB23} = {47180573-E96A-4F91-9D08-05C91C81FC6F}
		{DC1A5BFD-80D5-4CFC-8AB6-C01536861C62} = {47180573-E96A-4F91-9D08-05C91C81FC6F}
		{8779B504-707F-48E6-9910-D6ADA45CE257} = {47180573-E96A-4F91-9D08-05C91C81FC6F}
		{523FA46F-2D8F-4F91-8DF1-1713B5827801} = {47180573-E96A-4F91-9D08-05C91C81FC6F}
		{503DB215-826C-46DC-A5CB-DFF2AE650D47} = {47180573-E96A-4F91-9D08-05C91C81FC6F}
		{9A5A8786-AD4F-4DA8-91AB-873CBD2258D4} = {47180573-E96A-4F91-9D08-05C91C81FC6F}
	EndGlobalSection
	GlobalSection(ExtensibilityGlobals) = postSolution
	EndGlobalSection
	GlobalSection(ExtensibilityAddIns) = postSolution
	EndGlobalSection
EndGlobal
