<?xml version="1.0" encoding="UTF-8"?>
<Project ToolsVersion="12.0" xmlns="http://schemas.microsoft.com/developer/msbuild/2003">
  <ItemGroup>
    <CustomBuild Include="C:\Users\Jose\Documents\Tesis\source\VCT_Engine\VCT_Engine\dependencies\glfw\CMakeLists.txt" />
    <CustomBuild Include="C:\Users\Jose\Documents\Tesis\source\VCT_Engine\VCT_Engine\ext_build\CMakeFiles\27fba8e11a8d5c011f6c6c227ec7aefe\uninstall.rule">
      <Filter>CMake Rules</Filter>
    </CustomBuild>
  </ItemGroup>
  <ItemGroup>
    <None Include="C:\Users\Jose\Documents\Tesis\source\VCT_Engine\VCT_Engine\ext_build\CMakeFiles\uninstall" />
  </ItemGroup>
  <ItemGroup>
    <Filter Include="CMake Rules">
      <UniqueIdentifier>{6B2BA24C-3008-453C-B425-CF2EFAD35E34}</UniqueIdentifier>
    </Filter>
  </ItemGroup>
</Project>
