<?xml version="1.0" encoding="UTF-8"?>
<Project ToolsVersion="12.0" xmlns="http://schemas.microsoft.com/developer/msbuild/2003">
  <ItemGroup>
    <ClCompile Include="C:\Users\Jose\Documents\Tesis\source\VCT_Engine\VCT_Engine\dependencies\glfw\src\context.c">
      <Filter>Source Files</Filter>
    </ClCompile>
    <ClCompile Include="C:\Users\Jose\Documents\Tesis\source\VCT_Engine\VCT_Engine\dependencies\glfw\src\init.c">
      <Filter>Source Files</Filter>
    </ClCompile>
    <ClCompile Include="C:\Users\Jose\Documents\Tesis\source\VCT_Engine\VCT_Engine\dependencies\glfw\src\input.c">
      <Filter>Source Files</Filter>
    </ClCompile>
    <ClCompile Include="C:\Users\Jose\Documents\Tesis\source\VCT_Engine\VCT_Engine\dependencies\glfw\src\monitor.c">
      <Filter>Source Files</Filter>
    </ClCompile>
    <ClCompile Include="C:\Users\Jose\Documents\Tesis\source\VCT_Engine\VCT_Engine\dependencies\glfw\src\window.c">
      <Filter>Source Files</Filter>
    </ClCompile>
    <ClCompile Include="C:\Users\Jose\Documents\Tesis\source\VCT_Engine\VCT_Engine\dependencies\glfw\src\win32_init.c">
      <Filter>Source Files</Filter>
    </ClCompile>
    <ClCompile Include="C:\Users\Jose\Documents\Tesis\source\VCT_Engine\VCT_Engine\dependencies\glfw\src\win32_monitor.c">
      <Filter>Source Files</Filter>
    </ClCompile>
    <ClCompile Include="C:\Users\Jose\Documents\Tesis\source\VCT_Engine\VCT_Engine\dependencies\glfw\src\win32_time.c">
      <Filter>Source Files</Filter>
    </ClCompile>
    <ClCompile Include="C:\Users\Jose\Documents\Tesis\source\VCT_Engine\VCT_Engine\dependencies\glfw\src\win32_tls.c">
      <Filter>Source Files</Filter>
    </ClCompile>
    <ClCompile Include="C:\Users\Jose\Documents\Tesis\source\VCT_Engine\VCT_Engine\dependencies\glfw\src\win32_window.c">
      <Filter>Source Files</Filter>
    </ClCompile>
    <ClCompile Include="C:\Users\Jose\Documents\Tesis\source\VCT_Engine\VCT_Engine\dependencies\glfw\src\winmm_joystick.c">
      <Filter>Source Files</Filter>
    </ClCompile>
    <ClCompile Include="C:\Users\Jose\Documents\Tesis\source\VCT_Engine\VCT_Engine\dependencies\glfw\src\wgl_context.c">
      <Filter>Source Files</Filter>
    </ClCompile>
  </ItemGroup>
  <ItemGroup>
    <ClInclude Include="C:\Users\Jose\Documents\Tesis\source\VCT_Engine\VCT_Engine\dependencies\glfw\src\internal.h">
      <Filter>Header Files</Filter>
    </ClInclude>
    <ClInclude Include="C:\Users\Jose\Documents\Tesis\source\VCT_Engine\VCT_Engine\ext_build\src\glfw_config.h">
      <Filter>Header Files</Filter>
    </ClInclude>
    <ClInclude Include="C:\Users\Jose\Documents\Tesis\source\VCT_Engine\VCT_Engine\dependencies\glfw\include\GLFW\glfw3.h">
      <Filter>Header Files</Filter>
    </ClInclude>
    <ClInclude Include="C:\Users\Jose\Documents\Tesis\source\VCT_Engine\VCT_Engine\dependencies\glfw\include\GLFW\glfw3native.h">
      <Filter>Header Files</Filter>
    </ClInclude>
    <ClInclude Include="C:\Users\Jose\Documents\Tesis\source\VCT_Engine\VCT_Engine\dependencies\glfw\src\win32_platform.h">
      <Filter>Header Files</Filter>
    </ClInclude>
    <ClInclude Include="C:\Users\Jose\Documents\Tesis\source\VCT_Engine\VCT_Engine\dependencies\glfw\src\win32_tls.h">
      <Filter>Header Files</Filter>
    </ClInclude>
    <ClInclude Include="C:\Users\Jose\Documents\Tesis\source\VCT_Engine\VCT_Engine\dependencies\glfw\src\winmm_joystick.h">
      <Filter>Header Files</Filter>
    </ClInclude>
    <ClInclude Include="C:\Users\Jose\Documents\Tesis\source\VCT_Engine\VCT_Engine\dependencies\glfw\src\wgl_context.h">
      <Filter>Header Files</Filter>
    </ClInclude>
  </ItemGroup>
  <ItemGroup>
    <CustomBuild Include="C:\Users\Jose\Documents\Tesis\source\VCT_Engine\VCT_Engine\dependencies\glfw\src\CMakeLists.txt" />
  </ItemGroup>
  <ItemGroup>
    <Filter Include="Source Files">
      <UniqueIdentifier>{9B556CFA-97FD-4B1C-9477-0D7DC9C96692}</UniqueIdentifier>
    </Filter>
    <Filter Include="Header Files">
      <UniqueIdentifier>{036CBECE-7675-475C-A8B9-63FDD6791C47}</UniqueIdentifier>
    </Filter>
  </ItemGroup>
</Project>
