<?xml version="1.0" encoding="UTF-8"?>
<Project ToolsVersion="14.0" xmlns="http://schemas.microsoft.com/developer/msbuild/2003">
  <ItemGroup>
    <ClCompile Include="F:\Documents\Visual Studio 2015\Projects\VCT_Engine\VCT_Engine\dependencies\assimp\code\Assimp.cpp">
      <Filter>Source Files</Filter>
    </ClCompile>
    <ClCompile Include="F:\Documents\Visual Studio 2015\Projects\VCT_Engine\VCT_Engine\dependencies\assimp\code\BaseImporter.cpp">
      <Filter>Common</Filter>
    </ClCompile>
    <ClCompile Include="F:\Documents\Visual Studio 2015\Projects\VCT_Engine\VCT_Engine\dependencies\assimp\code\BaseProcess.cpp">
      <Filter>Common</Filter>
    </ClCompile>
    <ClCompile Include="F:\Documents\Visual Studio 2015\Projects\VCT_Engine\VCT_Engine\dependencies\assimp\code\PostStepRegistry.cpp">
      <Filter>Common</Filter>
    </ClCompile>
    <ClCompile Include="F:\Documents\Visual Studio 2015\Projects\VCT_Engine\VCT_Engine\dependencies\assimp\code\ImporterRegistry.cpp">
      <Filter>Common</Filter>
    </ClCompile>
    <ClCompile Include="F:\Documents\Visual Studio 2015\Projects\VCT_Engine\VCT_Engine\dependencies\assimp\code\DefaultIOStream.cpp">
      <Filter>Common</Filter>
    </ClCompile>
    <ClCompile Include="F:\Documents\Visual Studio 2015\Projects\VCT_Engine\VCT_Engine\dependencies\assimp\code\DefaultIOSystem.cpp">
      <Filter>Common</Filter>
    </ClCompile>
    <ClCompile Include="F:\Documents\Visual Studio 2015\Projects\VCT_Engine\VCT_Engine\dependencies\assimp\code\Importer.cpp">
      <Filter>Common</Filter>
    </ClCompile>
    <ClCompile Include="F:\Documents\Visual Studio 2015\Projects\VCT_Engine\VCT_Engine\dependencies\assimp\code\SGSpatialSort.cpp">
      <Filter>Common</Filter>
    </ClCompile>
    <ClCompile Include="F:\Documents\Visual Studio 2015\Projects\VCT_Engine\VCT_Engine\dependencies\assimp\code\VertexTriangleAdjacency.cpp">
      <Filter>Common</Filter>
    </ClCompile>
    <ClCompile Include="F:\Documents\Visual Studio 2015\Projects\VCT_Engine\VCT_Engine\dependencies\assimp\code\SpatialSort.cpp">
      <Filter>Common</Filter>
    </ClCompile>
    <ClCompile Include="F:\Documents\Visual Studio 2015\Projects\VCT_Engine\VCT_Engine\dependencies\assimp\code\SceneCombiner.cpp">
      <Filter>Common</Filter>
    </ClCompile>
    <ClCompile Include="F:\Documents\Visual Studio 2015\Projects\VCT_Engine\VCT_Engine\dependencies\assimp\code\ScenePreprocessor.cpp">
      <Filter>Common</Filter>
    </ClCompile>
    <ClCompile Include="F:\Documents\Visual Studio 2015\Projects\VCT_Engine\VCT_Engine\dependencies\assimp\code\SkeletonMeshBuilder.cpp">
      <Filter>Common</Filter>
    </ClCompile>
    <ClCompile Include="F:\Documents\Visual Studio 2015\Projects\VCT_Engine\VCT_Engine\dependencies\assimp\code\SplitByBoneCountProcess.cpp">
      <Filter>Common</Filter>
    </ClCompile>
    <ClCompile Include="F:\Documents\Visual Studio 2015\Projects\VCT_Engine\VCT_Engine\dependencies\assimp\code\StandardShapes.cpp">
      <Filter>Common</Filter>
    </ClCompile>
    <ClCompile Include="F:\Documents\Visual Studio 2015\Projects\VCT_Engine\VCT_Engine\dependencies\assimp\code\TargetAnimation.cpp">
      <Filter>Common</Filter>
    </ClCompile>
    <ClCompile Include="F:\Documents\Visual Studio 2015\Projects\VCT_Engine\VCT_Engine\dependencies\assimp\code\RemoveComments.cpp">
      <Filter>Common</Filter>
    </ClCompile>
    <ClCompile Include="F:\Documents\Visual Studio 2015\Projects\VCT_Engine\VCT_Engine\dependencies\assimp\code\Subdivision.cpp">
      <Filter>Common</Filter>
    </ClCompile>
    <ClCompile Include="F:\Documents\Visual Studio 2015\Projects\VCT_Engine\VCT_Engine\dependencies\assimp\code\Bitmap.cpp">
      <Filter>Common</Filter>
    </ClCompile>
    <ClCompile Include="F:\Documents\Visual Studio 2015\Projects\VCT_Engine\VCT_Engine\dependencies\assimp\code\DefaultLogger.cpp">
      <Filter>Logging</Filter>
    </ClCompile>
    <ClCompile Include="F:\Documents\Visual Studio 2015\Projects\VCT_Engine\VCT_Engine\dependencies\assimp\code\Exporter.cpp">
      <Filter>Exporter</Filter>
    </ClCompile>
    <ClCompile Include="F:\Documents\Visual Studio 2015\Projects\VCT_Engine\VCT_Engine\dependencies\assimp\code\AssimpCExport.cpp">
      <Filter>Exporter</Filter>
    </ClCompile>
    <ClCompile Include="F:\Documents\Visual Studio 2015\Projects\VCT_Engine\VCT_Engine\dependencies\assimp\code\CalcTangentsProcess.cpp">
      <Filter>PostProcessing</Filter>
    </ClCompile>
    <ClCompile Include="F:\Documents\Visual Studio 2015\Projects\VCT_Engine\VCT_Engine\dependencies\assimp\code\ComputeUVMappingProcess.cpp">
      <Filter>PostProcessing</Filter>
    </ClCompile>
    <ClCompile Include="F:\Documents\Visual Studio 2015\Projects\VCT_Engine\VCT_Engine\dependencies\assimp\code\ConvertToLHProcess.cpp">
      <Filter>PostProcessing</Filter>
    </ClCompile>
    <ClCompile Include="F:\Documents\Visual Studio 2015\Projects\VCT_Engine\VCT_Engine\dependencies\assimp\code\FindDegenerates.cpp">
      <Filter>PostProcessing</Filter>
    </ClCompile>
    <ClCompile Include="F:\Documents\Visual Studio 2015\Projects\VCT_Engine\VCT_Engine\dependencies\assimp\code\FindInstancesProcess.cpp">
      <Filter>PostProcessing</Filter>
    </ClCompile>
    <ClCompile Include="F:\Documents\Visual Studio 2015\Projects\VCT_Engine\VCT_Engine\dependencies\assimp\code\FindInvalidDataProcess.cpp">
      <Filter>PostProcessing</Filter>
    </ClCompile>
    <ClCompile Include="F:\Documents\Visual Studio 2015\Projects\VCT_Engine\VCT_Engine\dependencies\assimp\code\FixNormalsStep.cpp">
      <Filter>PostProcessing</Filter>
    </ClCompile>
    <ClCompile Include="F:\Documents\Visual Studio 2015\Projects\VCT_Engine\VCT_Engine\dependencies\assimp\code\GenFaceNormalsProcess.cpp">
      <Filter>PostProcessing</Filter>
    </ClCompile>
    <ClCompile Include="F:\Documents\Visual Studio 2015\Projects\VCT_Engine\VCT_Engine\dependencies\assimp\code\GenVertexNormalsProcess.cpp">
      <Filter>PostProcessing</Filter>
    </ClCompile>
    <ClCompile Include="F:\Documents\Visual Studio 2015\Projects\VCT_Engine\VCT_Engine\dependencies\assimp\code\PretransformVertices.cpp">
      <Filter>PostProcessing</Filter>
    </ClCompile>
    <ClCompile Include="F:\Documents\Visual Studio 2015\Projects\VCT_Engine\VCT_Engine\dependencies\assimp\code\ImproveCacheLocality.cpp">
      <Filter>PostProcessing</Filter>
    </ClCompile>
    <ClCompile Include="F:\Documents\Visual Studio 2015\Projects\VCT_Engine\VCT_Engine\dependencies\assimp\code\JoinVerticesProcess.cpp">
      <Filter>PostProcessing</Filter>
    </ClCompile>
    <ClCompile Include="F:\Documents\Visual Studio 2015\Projects\VCT_Engine\VCT_Engine\dependencies\assimp\code\LimitBoneWeightsProcess.cpp">
      <Filter>PostProcessing</Filter>
    </ClCompile>
    <ClCompile Include="F:\Documents\Visual Studio 2015\Projects\VCT_Engine\VCT_Engine\dependencies\assimp\code\RemoveRedundantMaterials.cpp">
      <Filter>PostProcessing</Filter>
    </ClCompile>
    <ClCompile Include="F:\Documents\Visual Studio 2015\Projects\VCT_Engine\VCT_Engine\dependencies\assimp\code\RemoveVCProcess.cpp">
      <Filter>PostProcessing</Filter>
    </ClCompile>
    <ClCompile Include="F:\Documents\Visual Studio 2015\Projects\VCT_Engine\VCT_Engine\dependencies\assimp\code\SortByPTypeProcess.cpp">
      <Filter>PostProcessing</Filter>
    </ClCompile>
    <ClCompile Include="F:\Documents\Visual Studio 2015\Projects\VCT_Engine\VCT_Engine\dependencies\assimp\code\SplitLargeMeshes.cpp">
      <Filter>PostProcessing</Filter>
    </ClCompile>
    <ClCompile Include="F:\Documents\Visual Studio 2015\Projects\VCT_Engine\VCT_Engine\dependencies\assimp\code\TextureTransform.cpp">
      <Filter>PostProcessing</Filter>
    </ClCompile>
    <ClCompile Include="F:\Documents\Visual Studio 2015\Projects\VCT_Engine\VCT_Engine\dependencies\assimp\code\TriangulateProcess.cpp">
      <Filter>PostProcessing</Filter>
    </ClCompile>
    <ClCompile Include="F:\Documents\Visual Studio 2015\Projects\VCT_Engine\VCT_Engine\dependencies\assimp\code\ValidateDataStructure.cpp">
      <Filter>PostProcessing</Filter>
    </ClCompile>
    <ClCompile Include="F:\Documents\Visual Studio 2015\Projects\VCT_Engine\VCT_Engine\dependencies\assimp\code\OptimizeGraph.cpp">
      <Filter>PostProcessing</Filter>
    </ClCompile>
    <ClCompile Include="F:\Documents\Visual Studio 2015\Projects\VCT_Engine\VCT_Engine\dependencies\assimp\code\OptimizeMeshes.cpp">
      <Filter>PostProcessing</Filter>
    </ClCompile>
    <ClCompile Include="F:\Documents\Visual Studio 2015\Projects\VCT_Engine\VCT_Engine\dependencies\assimp\code\DeboneProcess.cpp">
      <Filter>PostProcessing</Filter>
    </ClCompile>
    <ClCompile Include="F:\Documents\Visual Studio 2015\Projects\VCT_Engine\VCT_Engine\dependencies\assimp\code\ProcessHelper.cpp">
      <Filter>PostProcessing</Filter>
    </ClCompile>
    <ClCompile Include="F:\Documents\Visual Studio 2015\Projects\VCT_Engine\VCT_Engine\dependencies\assimp\code\MakeVerboseFormat.cpp">
      <Filter>PostProcessing</Filter>
    </ClCompile>
    <ClCompile Include="F:\Documents\Visual Studio 2015\Projects\VCT_Engine\VCT_Engine\dependencies\assimp\code\3DSConverter.cpp">
      <Filter>3DS</Filter>
    </ClCompile>
    <ClCompile Include="F:\Documents\Visual Studio 2015\Projects\VCT_Engine\VCT_Engine\dependencies\assimp\code\3DSLoader.cpp">
      <Filter>3DS</Filter>
    </ClCompile>
    <ClCompile Include="F:\Documents\Visual Studio 2015\Projects\VCT_Engine\VCT_Engine\dependencies\assimp\code\ACLoader.cpp">
      <Filter>AC</Filter>
    </ClCompile>
    <ClCompile Include="F:\Documents\Visual Studio 2015\Projects\VCT_Engine\VCT_Engine\dependencies\assimp\code\ASELoader.cpp">
      <Filter>ASE</Filter>
    </ClCompile>
    <ClCompile Include="F:\Documents\Visual Studio 2015\Projects\VCT_Engine\VCT_Engine\dependencies\assimp\code\ASEParser.cpp">
      <Filter>ASE</Filter>
    </ClCompile>
    <ClCompile Include="F:\Documents\Visual Studio 2015\Projects\VCT_Engine\VCT_Engine\dependencies\assimp\code\B3DImporter.cpp">
      <Filter>B3D</Filter>
    </ClCompile>
    <ClCompile Include="F:\Documents\Visual Studio 2015\Projects\VCT_Engine\VCT_Engine\dependencies\assimp\code\BVHLoader.cpp">
      <Filter>BVH</Filter>
    </ClCompile>
    <ClCompile Include="F:\Documents\Visual Studio 2015\Projects\VCT_Engine\VCT_Engine\dependencies\assimp\code\ColladaLoader.cpp">
      <Filter>Collada</Filter>
    </ClCompile>
    <ClCompile Include="F:\Documents\Visual Studio 2015\Projects\VCT_Engine\VCT_Engine\dependencies\assimp\code\ColladaParser.cpp">
      <Filter>Collada</Filter>
    </ClCompile>
    <ClCompile Include="F:\Documents\Visual Studio 2015\Projects\VCT_Engine\VCT_Engine\dependencies\assimp\code\ColladaExporter.cpp">
      <Filter>Collada</Filter>
    </ClCompile>
    <ClCompile Include="F:\Documents\Visual Studio 2015\Projects\VCT_Engine\VCT_Engine\dependencies\assimp\code\DXFLoader.cpp">
      <Filter>DXF</Filter>
    </ClCompile>
    <ClCompile Include="F:\Documents\Visual Studio 2015\Projects\VCT_Engine\VCT_Engine\dependencies\assimp\code\CSMLoader.cpp">
      <Filter>CSM</Filter>
    </ClCompile>
    <ClCompile Include="F:\Documents\Visual Studio 2015\Projects\VCT_Engine\VCT_Engine\dependencies\assimp\code\HMPLoader.cpp">
      <Filter>HMP</Filter>
    </ClCompile>
    <ClCompile Include="F:\Documents\Visual Studio 2015\Projects\VCT_Engine\VCT_Engine\dependencies\assimp\code\IRRLoader.cpp">
      <Filter>Irr</Filter>
    </ClCompile>
    <ClCompile Include="F:\Documents\Visual Studio 2015\Projects\VCT_Engine\VCT_Engine\dependencies\assimp\code\IRRMeshLoader.cpp">
      <Filter>Irr</Filter>
    </ClCompile>
    <ClCompile Include="F:\Documents\Visual Studio 2015\Projects\VCT_Engine\VCT_Engine\dependencies\assimp\code\IRRShared.cpp">
      <Filter>Irr</Filter>
    </ClCompile>
    <ClCompile Include="F:\Documents\Visual Studio 2015\Projects\VCT_Engine\VCT_Engine\dependencies\assimp\code\LWOAnimation.cpp">
      <Filter>LWO</Filter>
    </ClCompile>
    <ClCompile Include="F:\Documents\Visual Studio 2015\Projects\VCT_Engine\VCT_Engine\dependencies\assimp\code\LWOBLoader.cpp">
      <Filter>LWO</Filter>
    </ClCompile>
    <ClCompile Include="F:\Documents\Visual Studio 2015\Projects\VCT_Engine\VCT_Engine\dependencies\assimp\code\LWOLoader.cpp">
      <Filter>LWO</Filter>
    </ClCompile>
    <ClCompile Include="F:\Documents\Visual Studio 2015\Projects\VCT_Engine\VCT_Engine\dependencies\assimp\code\LWOMaterial.cpp">
      <Filter>LWO</Filter>
    </ClCompile>
    <ClCompile Include="F:\Documents\Visual Studio 2015\Projects\VCT_Engine\VCT_Engine\dependencies\assimp\code\LWSLoader.cpp">
      <Filter>LWS</Filter>
    </ClCompile>
    <ClCompile Include="F:\Documents\Visual Studio 2015\Projects\VCT_Engine\VCT_Engine\dependencies\assimp\code\MD2Loader.cpp">
      <Filter>MD2</Filter>
    </ClCompile>
    <ClCompile Include="F:\Documents\Visual Studio 2015\Projects\VCT_Engine\VCT_Engine\dependencies\assimp\code\MD3Loader.cpp">
      <Filter>MD3</Filter>
    </ClCompile>
    <ClCompile Include="F:\Documents\Visual Studio 2015\Projects\VCT_Engine\VCT_Engine\dependencies\assimp\code\MD5Loader.cpp">
      <Filter>MD5</Filter>
    </ClCompile>
    <ClCompile Include="F:\Documents\Visual Studio 2015\Projects\VCT_Engine\VCT_Engine\dependencies\assimp\code\MD5Parser.cpp">
      <Filter>MD5</Filter>
    </ClCompile>
    <ClCompile Include="F:\Documents\Visual Studio 2015\Projects\VCT_Engine\VCT_Engine\dependencies\assimp\code\MDCLoader.cpp">
      <Filter>MDC</Filter>
    </ClCompile>
    <ClCompile Include="F:\Documents\Visual Studio 2015\Projects\VCT_Engine\VCT_Engine\dependencies\assimp\code\MDLLoader.cpp">
      <Filter>MDL</Filter>
    </ClCompile>
    <ClCompile Include="F:\Documents\Visual Studio 2015\Projects\VCT_Engine\VCT_Engine\dependencies\assimp\code\MDLMaterialLoader.cpp">
      <Filter>MDL</Filter>
    </ClCompile>
    <ClCompile Include="F:\Documents\Visual Studio 2015\Projects\VCT_Engine\VCT_Engine\dependencies\assimp\code\MaterialSystem.cpp">
      <Filter>MaterialSystem</Filter>
    </ClCompile>
    <ClCompile Include="F:\Documents\Visual Studio 2015\Projects\VCT_Engine\VCT_Engine\dependencies\assimp\code\NFFLoader.cpp">
      <Filter>NFF</Filter>
    </ClCompile>
    <ClCompile Include="F:\Documents\Visual Studio 2015\Projects\VCT_Engine\VCT_Engine\dependencies\assimp\code\OFFLoader.cpp">
      <Filter>OFFFormat</Filter>
    </ClCompile>
    <ClCompile Include="F:\Documents\Visual Studio 2015\Projects\VCT_Engine\VCT_Engine\dependencies\assimp\code\ObjFileImporter.cpp">
      <Filter>Obj</Filter>
    </ClCompile>
    <ClCompile Include="F:\Documents\Visual Studio 2015\Projects\VCT_Engine\VCT_Engine\dependencies\assimp\code\ObjFileMtlImporter.cpp">
      <Filter>Obj</Filter>
    </ClCompile>
    <ClCompile Include="F:\Documents\Visual Studio 2015\Projects\VCT_Engine\VCT_Engine\dependencies\assimp\code\ObjFileParser.cpp">
      <Filter>Obj</Filter>
    </ClCompile>
    <ClCompile Include="F:\Documents\Visual Studio 2015\Projects\VCT_Engine\VCT_Engine\dependencies\assimp\code\ObjExporter.cpp">
      <Filter>Obj</Filter>
    </ClCompile>
    <ClCompile Include="F:\Documents\Visual Studio 2015\Projects\VCT_Engine\VCT_Engine\dependencies\assimp\code\OgreImporter.cpp">
      <Filter>Ogre</Filter>
    </ClCompile>
    <ClCompile Include="F:\Documents\Visual Studio 2015\Projects\VCT_Engine\VCT_Engine\dependencies\assimp\code\OgreStructs.cpp">
      <Filter>Ogre</Filter>
    </ClCompile>
    <ClCompile Include="F:\Documents\Visual Studio 2015\Projects\VCT_Engine\VCT_Engine\dependencies\assimp\code\OgreBinarySerializer.cpp">
      <Filter>Ogre</Filter>
    </ClCompile>
    <ClCompile Include="F:\Documents\Visual Studio 2015\Projects\VCT_Engine\VCT_Engine\dependencies\assimp\code\OgreXmlSerializer.cpp">
      <Filter>Ogre</Filter>
    </ClCompile>
    <ClCompile Include="F:\Documents\Visual Studio 2015\Projects\VCT_Engine\VCT_Engine\dependencies\assimp\code\OgreMaterial.cpp">
      <Filter>Ogre</Filter>
    </ClCompile>
    <ClCompile Include="F:\Documents\Visual Studio 2015\Projects\VCT_Engine\VCT_Engine\dependencies\assimp\code\PlyLoader.cpp">
      <Filter>Ply</Filter>
    </ClCompile>
    <ClCompile Include="F:\Documents\Visual Studio 2015\Projects\VCT_Engine\VCT_Engine\dependencies\assimp\code\PlyParser.cpp">
      <Filter>Ply</Filter>
    </ClCompile>
    <ClCompile Include="F:\Documents\Visual Studio 2015\Projects\VCT_Engine\VCT_Engine\dependencies\assimp\code\PlyExporter.cpp">
      <Filter>Ply</Filter>
    </ClCompile>
    <ClCompile Include="F:\Documents\Visual Studio 2015\Projects\VCT_Engine\VCT_Engine\dependencies\assimp\code\Q3DLoader.cpp">
      <Filter>Q3D</Filter>
    </ClCompile>
    <ClCompile Include="F:\Documents\Visual Studio 2015\Projects\VCT_Engine\VCT_Engine\dependencies\assimp\code\Q3BSPFileParser.cpp">
      <Filter>Q3BSP</Filter>
    </ClCompile>
    <ClCompile Include="F:\Documents\Visual Studio 2015\Projects\VCT_Engine\VCT_Engine\dependencies\assimp\code\Q3BSPFileImporter.cpp">
      <Filter>Q3BSP</Filter>
    </ClCompile>
    <ClCompile Include="F:\Documents\Visual Studio 2015\Projects\VCT_Engine\VCT_Engine\dependencies\assimp\code\Q3BSPZipArchive.cpp">
      <Filter>Q3BSP</Filter>
    </ClCompile>
    <ClCompile Include="F:\Documents\Visual Studio 2015\Projects\VCT_Engine\VCT_Engine\dependencies\assimp\code\RawLoader.cpp">
      <Filter>Raw</Filter>
    </ClCompile>
    <ClCompile Include="F:\Documents\Visual Studio 2015\Projects\VCT_Engine\VCT_Engine\dependencies\assimp\code\SMDLoader.cpp">
      <Filter>SMD</Filter>
    </ClCompile>
    <ClCompile Include="F:\Documents\Visual Studio 2015\Projects\VCT_Engine\VCT_Engine\dependencies\assimp\code\STLLoader.cpp">
      <Filter>STL</Filter>
    </ClCompile>
    <ClCompile Include="F:\Documents\Visual Studio 2015\Projects\VCT_Engine\VCT_Engine\dependencies\assimp\code\STLExporter.cpp">
      <Filter>STL</Filter>
    </ClCompile>
    <ClCompile Include="F:\Documents\Visual Studio 2015\Projects\VCT_Engine\VCT_Engine\dependencies\assimp\code\TerragenLoader.cpp">
      <Filter>Terragen</Filter>
    </ClCompile>
    <ClCompile Include="F:\Documents\Visual Studio 2015\Projects\VCT_Engine\VCT_Engine\dependencies\assimp\code\UnrealLoader.cpp">
      <Filter>Unreal</Filter>
    </ClCompile>
    <ClCompile Include="F:\Documents\Visual Studio 2015\Projects\VCT_Engine\VCT_Engine\dependencies\assimp\code\XFileImporter.cpp">
      <Filter>XFile</Filter>
    </ClCompile>
    <ClCompile Include="F:\Documents\Visual Studio 2015\Projects\VCT_Engine\VCT_Engine\dependencies\assimp\code\XFileParser.cpp">
      <Filter>XFile</Filter>
    </ClCompile>
    <ClCompile Include="F:\Documents\Visual Studio 2015\Projects\VCT_Engine\VCT_Engine\dependencies\assimp\code\MS3DLoader.cpp">
      <Filter>MS3D</Filter>
    </ClCompile>
    <ClCompile Include="F:\Documents\Visual Studio 2015\Projects\VCT_Engine\VCT_Engine\dependencies\assimp\code\COBLoader.cpp">
      <Filter>COB</Filter>
    </ClCompile>
    <ClCompile Include="F:\Documents\Visual Studio 2015\Projects\VCT_Engine\VCT_Engine\dependencies\assimp\code\BlenderLoader.cpp">
      <Filter>BLENDER</Filter>
    </ClCompile>
    <ClCompile Include="F:\Documents\Visual Studio 2015\Projects\VCT_Engine\VCT_Engine\dependencies\assimp\code\BlenderDNA.cpp">
      <Filter>BLENDER</Filter>
    </ClCompile>
    <ClCompile Include="F:\Documents\Visual Studio 2015\Projects\VCT_Engine\VCT_Engine\dependencies\assimp\code\BlenderScene.cpp">
      <Filter>BLENDER</Filter>
    </ClCompile>
    <ClCompile Include="F:\Documents\Visual Studio 2015\Projects\VCT_Engine\VCT_Engine\dependencies\assimp\code\BlenderModifier.cpp">
      <Filter>BLENDER</Filter>
    </ClCompile>
    <ClCompile Include="F:\Documents\Visual Studio 2015\Projects\VCT_Engine\VCT_Engine\dependencies\assimp\code\BlenderBMesh.cpp">
      <Filter>BLENDER</Filter>
    </ClCompile>
    <ClCompile Include="F:\Documents\Visual Studio 2015\Projects\VCT_Engine\VCT_Engine\dependencies\assimp\code\BlenderTessellator.cpp">
      <Filter>BLENDER</Filter>
    </ClCompile>
    <ClCompile Include="F:\Documents\Visual Studio 2015\Projects\VCT_Engine\VCT_Engine\dependencies\assimp\code\NDOLoader.cpp">
      <Filter>NDO</Filter>
    </ClCompile>
    <ClCompile Include="F:\Documents\Visual Studio 2015\Projects\VCT_Engine\VCT_Engine\dependencies\assimp\code\IFCLoader.cpp">
      <Filter>IFC</Filter>
    </ClCompile>
    <ClCompile Include="F:\Documents\Visual Studio 2015\Projects\VCT_Engine\VCT_Engine\dependencies\assimp\code\IFCReaderGen.cpp">
      <Filter>IFC</Filter>
    </ClCompile>
    <ClCompile Include="F:\Documents\Visual Studio 2015\Projects\VCT_Engine\VCT_Engine\dependencies\assimp\code\IFCUtil.cpp">
      <Filter>IFC</Filter>
    </ClCompile>
    <ClCompile Include="F:\Documents\Visual Studio 2015\Projects\VCT_Engine\VCT_Engine\dependencies\assimp\code\IFCGeometry.cpp">
      <Filter>IFC</Filter>
    </ClCompile>
    <ClCompile Include="F:\Documents\Visual Studio 2015\Projects\VCT_Engine\VCT_Engine\dependencies\assimp\code\IFCMaterial.cpp">
      <Filter>IFC</Filter>
    </ClCompile>
    <ClCompile Include="F:\Documents\Visual Studio 2015\Projects\VCT_Engine\VCT_Engine\dependencies\assimp\code\IFCProfile.cpp">
      <Filter>IFC</Filter>
    </ClCompile>
    <ClCompile Include="F:\Documents\Visual Studio 2015\Projects\VCT_Engine\VCT_Engine\dependencies\assimp\code\IFCCurve.cpp">
      <Filter>IFC</Filter>
    </ClCompile>
    <ClCompile Include="F:\Documents\Visual Studio 2015\Projects\VCT_Engine\VCT_Engine\dependencies\assimp\code\IFCBoolean.cpp">
      <Filter>IFC</Filter>
    </ClCompile>
    <ClCompile Include="F:\Documents\Visual Studio 2015\Projects\VCT_Engine\VCT_Engine\dependencies\assimp\code\IFCOpenings.cpp">
      <Filter>IFC</Filter>
    </ClCompile>
    <ClCompile Include="F:\Documents\Visual Studio 2015\Projects\VCT_Engine\VCT_Engine\dependencies\assimp\code\STEPFileReader.cpp">
      <Filter>IFC</Filter>
    </ClCompile>
    <ClCompile Include="F:\Documents\Visual Studio 2015\Projects\VCT_Engine\VCT_Engine\dependencies\assimp\code\STEPFileEncoding.cpp">
      <Filter>IFC</Filter>
    </ClCompile>
    <ClCompile Include="F:\Documents\Visual Studio 2015\Projects\VCT_Engine\VCT_Engine\dependencies\assimp\code\XGLLoader.cpp">
      <Filter>XGL</Filter>
    </ClCompile>
    <ClCompile Include="F:\Documents\Visual Studio 2015\Projects\VCT_Engine\VCT_Engine\dependencies\assimp\code\FBXImporter.cpp">
      <Filter>FBX</Filter>
    </ClCompile>
    <ClCompile Include="F:\Documents\Visual Studio 2015\Projects\VCT_Engine\VCT_Engine\dependencies\assimp\code\FBXParser.cpp">
      <Filter>FBX</Filter>
    </ClCompile>
    <ClCompile Include="F:\Documents\Visual Studio 2015\Projects\VCT_Engine\VCT_Engine\dependencies\assimp\code\FBXTokenizer.cpp">
      <Filter>FBX</Filter>
    </ClCompile>
    <ClCompile Include="F:\Documents\Visual Studio 2015\Projects\VCT_Engine\VCT_Engine\dependencies\assimp\code\FBXConverter.cpp">
      <Filter>FBX</Filter>
    </ClCompile>
    <ClCompile Include="F:\Documents\Visual Studio 2015\Projects\VCT_Engine\VCT_Engine\dependencies\assimp\code\FBXUtil.cpp">
      <Filter>FBX</Filter>
    </ClCompile>
    <ClCompile Include="F:\Documents\Visual Studio 2015\Projects\VCT_Engine\VCT_Engine\dependencies\assimp\code\FBXDocument.cpp">
      <Filter>FBX</Filter>
    </ClCompile>
    <ClCompile Include="F:\Documents\Visual Studio 2015\Projects\VCT_Engine\VCT_Engine\dependencies\assimp\code\FBXProperties.cpp">
      <Filter>FBX</Filter>
    </ClCompile>
    <ClCompile Include="F:\Documents\Visual Studio 2015\Projects\VCT_Engine\VCT_Engine\dependencies\assimp\code\FBXMeshGeometry.cpp">
      <Filter>FBX</Filter>
    </ClCompile>
    <ClCompile Include="F:\Documents\Visual Studio 2015\Projects\VCT_Engine\VCT_Engine\dependencies\assimp\code\FBXMaterial.cpp">
      <Filter>FBX</Filter>
    </ClCompile>
    <ClCompile Include="F:\Documents\Visual Studio 2015\Projects\VCT_Engine\VCT_Engine\dependencies\assimp\code\FBXModel.cpp">
      <Filter>FBX</Filter>
    </ClCompile>
    <ClCompile Include="F:\Documents\Visual Studio 2015\Projects\VCT_Engine\VCT_Engine\dependencies\assimp\code\FBXAnimation.cpp">
      <Filter>FBX</Filter>
    </ClCompile>
    <ClCompile Include="F:\Documents\Visual Studio 2015\Projects\VCT_Engine\VCT_Engine\dependencies\assimp\code\FBXNodeAttribute.cpp">
      <Filter>FBX</Filter>
    </ClCompile>
    <ClCompile Include="F:\Documents\Visual Studio 2015\Projects\VCT_Engine\VCT_Engine\dependencies\assimp\code\FBXDeformer.cpp">
      <Filter>FBX</Filter>
    </ClCompile>
    <ClCompile Include="F:\Documents\Visual Studio 2015\Projects\VCT_Engine\VCT_Engine\dependencies\assimp\code\FBXBinaryTokenizer.cpp">
      <Filter>FBX</Filter>
    </ClCompile>
    <ClCompile Include="F:\Documents\Visual Studio 2015\Projects\VCT_Engine\VCT_Engine\dependencies\assimp\code\FBXDocumentUtil.cpp">
      <Filter>FBX</Filter>
    </ClCompile>
    <ClCompile Include="F:\Documents\Visual Studio 2015\Projects\VCT_Engine\VCT_Engine\dependencies\assimp\contrib\irrXML\irrXML.cpp">
      <Filter>IrrXML</Filter>
    </ClCompile>
    <ClCompile Include="F:\Documents\Visual Studio 2015\Projects\VCT_Engine\VCT_Engine\dependencies\assimp\contrib\ConvertUTF\ConvertUTF.c">
      <Filter>ConvertUTF</Filter>
    </ClCompile>
    <ClCompile Include="F:\Documents\Visual Studio 2015\Projects\VCT_Engine\VCT_Engine\dependencies\assimp\contrib\unzip\ioapi.c">
      <Filter>unzip</Filter>
    </ClCompile>
    <ClCompile Include="F:\Documents\Visual Studio 2015\Projects\VCT_Engine\VCT_Engine\dependencies\assimp\contrib\unzip\unzip.c">
      <Filter>unzip</Filter>
    </ClCompile>
    <ClCompile Include="F:\Documents\Visual Studio 2015\Projects\VCT_Engine\VCT_Engine\dependencies\assimp\contrib\poly2tri\poly2tri\common\shapes.cc">
      <Filter>Poly2Tri</Filter>
    </ClCompile>
    <ClCompile Include="F:\Documents\Visual Studio 2015\Projects\VCT_Engine\VCT_Engine\dependencies\assimp\contrib\poly2tri\poly2tri\sweep\advancing_front.cc">
      <Filter>Poly2Tri</Filter>
    </ClCompile>
    <ClCompile Include="F:\Documents\Visual Studio 2015\Projects\VCT_Engine\VCT_Engine\dependencies\assimp\contrib\poly2tri\poly2tri\sweep\cdt.cc">
      <Filter>Poly2Tri</Filter>
    </ClCompile>
    <ClCompile Include="F:\Documents\Visual Studio 2015\Projects\VCT_Engine\VCT_Engine\dependencies\assimp\contrib\poly2tri\poly2tri\sweep\sweep.cc">
      <Filter>Poly2Tri</Filter>
    </ClCompile>
    <ClCompile Include="F:\Documents\Visual Studio 2015\Projects\VCT_Engine\VCT_Engine\dependencies\assimp\contrib\poly2tri\poly2tri\sweep\sweep_context.cc">
      <Filter>Poly2Tri</Filter>
    </ClCompile>
    <ClCompile Include="F:\Documents\Visual Studio 2015\Projects\VCT_Engine\VCT_Engine\dependencies\assimp\contrib\clipper\clipper.cpp">
      <Filter>Clipper</Filter>
    </ClCompile>
    <ClCompile Include="F:\Documents\Visual Studio 2015\Projects\VCT_Engine\VCT_Engine\dependencies\assimp\code\AssimpPCH.cpp">
      <Filter>Source Files</Filter>
    </ClCompile>
  </ItemGroup>
  <ItemGroup>
    <ClInclude Include="F:\Documents\Visual Studio 2015\Projects\VCT_Engine\VCT_Engine\dependencies\assimp\code\fast_atof.h">
      <Filter>Common</Filter>
    </ClInclude>
    <ClInclude Include="F:\Documents\Visual Studio 2015\Projects\VCT_Engine\VCT_Engine\dependencies\assimp\code\qnan.h">
      <Filter>Common</Filter>
    </ClInclude>
    <ClInclude Include="F:\Documents\Visual Studio 2015\Projects\VCT_Engine\VCT_Engine\dependencies\assimp\code\BaseImporter.h">
      <Filter>Common</Filter>
    </ClInclude>
    <ClInclude Include="F:\Documents\Visual Studio 2015\Projects\VCT_Engine\VCT_Engine\dependencies\assimp\code\BaseProcess.h">
      <Filter>Common</Filter>
    </ClInclude>
    <ClInclude Include="F:\Documents\Visual Studio 2015\Projects\VCT_Engine\VCT_Engine\dependencies\assimp\code\Importer.h">
      <Filter>Common</Filter>
    </ClInclude>
    <ClInclude Include="F:\Documents\Visual Studio 2015\Projects\VCT_Engine\VCT_Engine\dependencies\assimp\code\ScenePrivate.h">
      <Filter>Common</Filter>
    </ClInclude>
    <ClInclude Include="F:\Documents\Visual Studio 2015\Projects\VCT_Engine\VCT_Engine\dependencies\assimp\code\ByteSwap.h">
      <Filter>Common</Filter>
    </ClInclude>
    <ClInclude Include="F:\Documents\Visual Studio 2015\Projects\VCT_Engine\VCT_Engine\dependencies\assimp\code\DefaultProgressHandler.h">
      <Filter>Common</Filter>
    </ClInclude>
    <ClInclude Include="F:\Documents\Visual Studio 2015\Projects\VCT_Engine\VCT_Engine\dependencies\assimp\code\DefaultIOStream.h">
      <Filter>Common</Filter>
    </ClInclude>
    <ClInclude Include="F:\Documents\Visual Studio 2015\Projects\VCT_Engine\VCT_Engine\dependencies\assimp\code\DefaultIOSystem.h">
      <Filter>Common</Filter>
    </ClInclude>
    <ClInclude Include="F:\Documents\Visual Studio 2015\Projects\VCT_Engine\VCT_Engine\dependencies\assimp\code\CInterfaceIOWrapper.h">
      <Filter>Common</Filter>
    </ClInclude>
    <ClInclude Include="F:\Documents\Visual Studio 2015\Projects\VCT_Engine\VCT_Engine\dependencies\assimp\code\Hash.h">
      <Filter>Common</Filter>
    </ClInclude>
    <ClInclude Include="F:\Documents\Visual Studio 2015\Projects\VCT_Engine\VCT_Engine\dependencies\assimp\code\IFF.h">
      <Filter>Common</Filter>
    </ClInclude>
    <ClInclude Include="F:\Documents\Visual Studio 2015\Projects\VCT_Engine\VCT_Engine\dependencies\assimp\code\MemoryIOWrapper.h">
      <Filter>Common</Filter>
    </ClInclude>
    <ClInclude Include="F:\Documents\Visual Studio 2015\Projects\VCT_Engine\VCT_Engine\dependencies\assimp\code\ParsingUtils.h">
      <Filter>Common</Filter>
    </ClInclude>
    <ClInclude Include="F:\Documents\Visual Studio 2015\Projects\VCT_Engine\VCT_Engine\dependencies\assimp\code\StreamReader.h">
      <Filter>Common</Filter>
    </ClInclude>
    <ClInclude Include="F:\Documents\Visual Studio 2015\Projects\VCT_Engine\VCT_Engine\dependencies\assimp\code\StringComparison.h">
      <Filter>Common</Filter>
    </ClInclude>
    <ClInclude Include="F:\Documents\Visual Studio 2015\Projects\VCT_Engine\VCT_Engine\dependencies\assimp\code\SGSpatialSort.h">
      <Filter>Common</Filter>
    </ClInclude>
    <ClInclude Include="F:\Documents\Visual Studio 2015\Projects\VCT_Engine\VCT_Engine\dependencies\assimp\code\VertexTriangleAdjacency.h">
      <Filter>Common</Filter>
    </ClInclude>
    <ClInclude Include="F:\Documents\Visual Studio 2015\Projects\VCT_Engine\VCT_Engine\dependencies\assimp\code\GenericProperty.h">
      <Filter>Common</Filter>
    </ClInclude>
    <ClInclude Include="F:\Documents\Visual Studio 2015\Projects\VCT_Engine\VCT_Engine\dependencies\assimp\code\SpatialSort.h">
      <Filter>Common</Filter>
    </ClInclude>
    <ClInclude Include="F:\Documents\Visual Studio 2015\Projects\VCT_Engine\VCT_Engine\dependencies\assimp\code\SceneCombiner.h">
      <Filter>Common</Filter>
    </ClInclude>
    <ClInclude Include="F:\Documents\Visual Studio 2015\Projects\VCT_Engine\VCT_Engine\dependencies\assimp\code\ScenePreprocessor.h">
      <Filter>Common</Filter>
    </ClInclude>
    <ClInclude Include="F:\Documents\Visual Studio 2015\Projects\VCT_Engine\VCT_Engine\dependencies\assimp\code\SkeletonMeshBuilder.h">
      <Filter>Common</Filter>
    </ClInclude>
    <ClInclude Include="F:\Documents\Visual Studio 2015\Projects\VCT_Engine\VCT_Engine\dependencies\assimp\code\SplitByBoneCountProcess.h">
      <Filter>Common</Filter>
    </ClInclude>
    <ClInclude Include="F:\Documents\Visual Studio 2015\Projects\VCT_Engine\VCT_Engine\dependencies\assimp\code\SmoothingGroups.h">
      <Filter>Common</Filter>
    </ClInclude>
    <ClInclude Include="F:\Documents\Visual Studio 2015\Projects\VCT_Engine\VCT_Engine\dependencies\assimp\code\StandardShapes.h">
      <Filter>Common</Filter>
    </ClInclude>
    <ClInclude Include="F:\Documents\Visual Studio 2015\Projects\VCT_Engine\VCT_Engine\dependencies\assimp\code\TargetAnimation.h">
      <Filter>Common</Filter>
    </ClInclude>
    <ClInclude Include="F:\Documents\Visual Studio 2015\Projects\VCT_Engine\VCT_Engine\dependencies\assimp\code\RemoveComments.h">
      <Filter>Common</Filter>
    </ClInclude>
    <ClInclude Include="F:\Documents\Visual Studio 2015\Projects\VCT_Engine\VCT_Engine\dependencies\assimp\code\Subdivision.h">
      <Filter>Common</Filter>
    </ClInclude>
    <ClInclude Include="F:\Documents\Visual Studio 2015\Projects\VCT_Engine\VCT_Engine\dependencies\assimp\code\Vertex.h">
      <Filter>Common</Filter>
    </ClInclude>
    <ClInclude Include="F:\Documents\Visual Studio 2015\Projects\VCT_Engine\VCT_Engine\dependencies\assimp\code\LineSplitter.h">
      <Filter>Common</Filter>
    </ClInclude>
    <ClInclude Include="F:\Documents\Visual Studio 2015\Projects\VCT_Engine\VCT_Engine\dependencies\assimp\code\TinyFormatter.h">
      <Filter>Common</Filter>
    </ClInclude>
    <ClInclude Include="F:\Documents\Visual Studio 2015\Projects\VCT_Engine\VCT_Engine\dependencies\assimp\code\Profiler.h">
      <Filter>Common</Filter>
    </ClInclude>
    <ClInclude Include="F:\Documents\Visual Studio 2015\Projects\VCT_Engine\VCT_Engine\dependencies\assimp\code\LogAux.h">
      <Filter>Common</Filter>
    </ClInclude>
    <ClInclude Include="F:\Documents\Visual Studio 2015\Projects\VCT_Engine\VCT_Engine\dependencies\assimp\code\Bitmap.h">
      <Filter>Common</Filter>
    </ClInclude>
    <ClInclude Include="F:\Documents\Visual Studio 2015\Projects\VCT_Engine\VCT_Engine\dependencies\assimp\include\assimp\DefaultLogger.hpp">
      <Filter>Logging</Filter>
    </ClInclude>
    <ClInclude Include="F:\Documents\Visual Studio 2015\Projects\VCT_Engine\VCT_Engine\dependencies\assimp\include\assimp\LogStream.hpp">
      <Filter>Logging</Filter>
    </ClInclude>
    <ClInclude Include="F:\Documents\Visual Studio 2015\Projects\VCT_Engine\VCT_Engine\dependencies\assimp\include\assimp\Logger.hpp">
      <Filter>Logging</Filter>
    </ClInclude>
    <ClInclude Include="F:\Documents\Visual Studio 2015\Projects\VCT_Engine\VCT_Engine\dependencies\assimp\include\assimp\NullLogger.hpp">
      <Filter>Logging</Filter>
    </ClInclude>
    <ClInclude Include="F:\Documents\Visual Studio 2015\Projects\VCT_Engine\VCT_Engine\dependencies\assimp\code\Win32DebugLogStream.h">
      <Filter>Logging</Filter>
    </ClInclude>
    <ClInclude Include="F:\Documents\Visual Studio 2015\Projects\VCT_Engine\VCT_Engine\dependencies\assimp\code\FileLogStream.h">
      <Filter>Logging</Filter>
    </ClInclude>
    <ClInclude Include="F:\Documents\Visual Studio 2015\Projects\VCT_Engine\VCT_Engine\dependencies\assimp\code\StdOStreamLogStream.h">
      <Filter>Logging</Filter>
    </ClInclude>
    <ClInclude Include="F:\Documents\Visual Studio 2015\Projects\VCT_Engine\VCT_Engine\dependencies\assimp\code\BlobIOSystem.h">
      <Filter>Exporter</Filter>
    </ClInclude>
    <ClInclude Include="F:\Documents\Visual Studio 2015\Projects\VCT_Engine\VCT_Engine\dependencies\assimp\code\CalcTangentsProcess.h">
      <Filter>PostProcessing</Filter>
    </ClInclude>
    <ClInclude Include="F:\Documents\Visual Studio 2015\Projects\VCT_Engine\VCT_Engine\dependencies\assimp\code\ComputeUVMappingProcess.h">
      <Filter>PostProcessing</Filter>
    </ClInclude>
    <ClInclude Include="F:\Documents\Visual Studio 2015\Projects\VCT_Engine\VCT_Engine\dependencies\assimp\code\ConvertToLHProcess.h">
      <Filter>PostProcessing</Filter>
    </ClInclude>
    <ClInclude Include="F:\Documents\Visual Studio 2015\Projects\VCT_Engine\VCT_Engine\dependencies\assimp\code\FindDegenerates.h">
      <Filter>PostProcessing</Filter>
    </ClInclude>
    <ClInclude Include="F:\Documents\Visual Studio 2015\Projects\VCT_Engine\VCT_Engine\dependencies\assimp\code\FindInstancesProcess.h">
      <Filter>PostProcessing</Filter>
    </ClInclude>
    <ClInclude Include="F:\Documents\Visual Studio 2015\Projects\VCT_Engine\VCT_Engine\dependencies\assimp\code\FindInvalidDataProcess.h">
      <Filter>PostProcessing</Filter>
    </ClInclude>
    <ClInclude Include="F:\Documents\Visual Studio 2015\Projects\VCT_Engine\VCT_Engine\dependencies\assimp\code\FixNormalsStep.h">
      <Filter>PostProcessing</Filter>
    </ClInclude>
    <ClInclude Include="F:\Documents\Visual Studio 2015\Projects\VCT_Engine\VCT_Engine\dependencies\assimp\code\GenFaceNormalsProcess.h">
      <Filter>PostProcessing</Filter>
    </ClInclude>
    <ClInclude Include="F:\Documents\Visual Studio 2015\Projects\VCT_Engine\VCT_Engine\dependencies\assimp\code\GenVertexNormalsProcess.h">
      <Filter>PostProcessing</Filter>
    </ClInclude>
    <ClInclude Include="F:\Documents\Visual Studio 2015\Projects\VCT_Engine\VCT_Engine\dependencies\assimp\code\PretransformVertices.h">
      <Filter>PostProcessing</Filter>
    </ClInclude>
    <ClInclude Include="F:\Documents\Visual Studio 2015\Projects\VCT_Engine\VCT_Engine\dependencies\assimp\code\ImproveCacheLocality.h">
      <Filter>PostProcessing</Filter>
    </ClInclude>
    <ClInclude Include="F:\Documents\Visual Studio 2015\Projects\VCT_Engine\VCT_Engine\dependencies\assimp\code\JoinVerticesProcess.h">
      <Filter>PostProcessing</Filter>
    </ClInclude>
    <ClInclude Include="F:\Documents\Visual Studio 2015\Projects\VCT_Engine\VCT_Engine\dependencies\assimp\code\LimitBoneWeightsProcess.h">
      <Filter>PostProcessing</Filter>
    </ClInclude>
    <ClInclude Include="F:\Documents\Visual Studio 2015\Projects\VCT_Engine\VCT_Engine\dependencies\assimp\code\RemoveRedundantMaterials.h">
      <Filter>PostProcessing</Filter>
    </ClInclude>
    <ClInclude Include="F:\Documents\Visual Studio 2015\Projects\VCT_Engine\VCT_Engine\dependencies\assimp\code\RemoveVCProcess.h">
      <Filter>PostProcessing</Filter>
    </ClInclude>
    <ClInclude Include="F:\Documents\Visual Studio 2015\Projects\VCT_Engine\VCT_Engine\dependencies\assimp\code\SortByPTypeProcess.h">
      <Filter>PostProcessing</Filter>
    </ClInclude>
    <ClInclude Include="F:\Documents\Visual Studio 2015\Projects\VCT_Engine\VCT_Engine\dependencies\assimp\code\SplitLargeMeshes.h">
      <Filter>PostProcessing</Filter>
    </ClInclude>
    <ClInclude Include="F:\Documents\Visual Studio 2015\Projects\VCT_Engine\VCT_Engine\dependencies\assimp\code\TextureTransform.h">
      <Filter>PostProcessing</Filter>
    </ClInclude>
    <ClInclude Include="F:\Documents\Visual Studio 2015\Projects\VCT_Engine\VCT_Engine\dependencies\assimp\code\TriangulateProcess.h">
      <Filter>PostProcessing</Filter>
    </ClInclude>
    <ClInclude Include="F:\Documents\Visual Studio 2015\Projects\VCT_Engine\VCT_Engine\dependencies\assimp\code\ValidateDataStructure.h">
      <Filter>PostProcessing</Filter>
    </ClInclude>
    <ClInclude Include="F:\Documents\Visual Studio 2015\Projects\VCT_Engine\VCT_Engine\dependencies\assimp\code\OptimizeGraph.h">
      <Filter>PostProcessing</Filter>
    </ClInclude>
    <ClInclude Include="F:\Documents\Visual Studio 2015\Projects\VCT_Engine\VCT_Engine\dependencies\assimp\code\OptimizeMeshes.h">
      <Filter>PostProcessing</Filter>
    </ClInclude>
    <ClInclude Include="F:\Documents\Visual Studio 2015\Projects\VCT_Engine\VCT_Engine\dependencies\assimp\code\DeboneProcess.h">
      <Filter>PostProcessing</Filter>
    </ClInclude>
    <ClInclude Include="F:\Documents\Visual Studio 2015\Projects\VCT_Engine\VCT_Engine\dependencies\assimp\code\ProcessHelper.h">
      <Filter>PostProcessing</Filter>
    </ClInclude>
    <ClInclude Include="F:\Documents\Visual Studio 2015\Projects\VCT_Engine\VCT_Engine\dependencies\assimp\code\PolyTools.h">
      <Filter>PostProcessing</Filter>
    </ClInclude>
    <ClInclude Include="F:\Documents\Visual Studio 2015\Projects\VCT_Engine\VCT_Engine\dependencies\assimp\code\MakeVerboseFormat.h">
      <Filter>PostProcessing</Filter>
    </ClInclude>
    <ClInclude Include="F:\Documents\Visual Studio 2015\Projects\VCT_Engine\VCT_Engine\dependencies\assimp\code\3DSHelper.h">
      <Filter>3DS</Filter>
    </ClInclude>
    <ClInclude Include="F:\Documents\Visual Studio 2015\Projects\VCT_Engine\VCT_Engine\dependencies\assimp\code\3DSLoader.h">
      <Filter>3DS</Filter>
    </ClInclude>
    <ClInclude Include="F:\Documents\Visual Studio 2015\Projects\VCT_Engine\VCT_Engine\dependencies\assimp\code\ACLoader.h">
      <Filter>AC</Filter>
    </ClInclude>
    <ClInclude Include="F:\Documents\Visual Studio 2015\Projects\VCT_Engine\VCT_Engine\dependencies\assimp\code\ASELoader.h">
      <Filter>ASE</Filter>
    </ClInclude>
    <ClInclude Include="F:\Documents\Visual Studio 2015\Projects\VCT_Engine\VCT_Engine\dependencies\assimp\code\ASEParser.h">
      <Filter>ASE</Filter>
    </ClInclude>
    <ClInclude Include="F:\Documents\Visual Studio 2015\Projects\VCT_Engine\VCT_Engine\dependencies\assimp\code\B3DImporter.h">
      <Filter>B3D</Filter>
    </ClInclude>
    <ClInclude Include="F:\Documents\Visual Studio 2015\Projects\VCT_Engine\VCT_Engine\dependencies\assimp\code\BVHLoader.h">
      <Filter>BVH</Filter>
    </ClInclude>
    <ClInclude Include="F:\Documents\Visual Studio 2015\Projects\VCT_Engine\VCT_Engine\dependencies\assimp\code\ColladaHelper.h">
      <Filter>Collada</Filter>
    </ClInclude>
    <ClInclude Include="F:\Documents\Visual Studio 2015\Projects\VCT_Engine\VCT_Engine\dependencies\assimp\code\ColladaLoader.h">
      <Filter>Collada</Filter>
    </ClInclude>
    <ClInclude Include="F:\Documents\Visual Studio 2015\Projects\VCT_Engine\VCT_Engine\dependencies\assimp\code\ColladaParser.h">
      <Filter>Collada</Filter>
    </ClInclude>
    <ClInclude Include="F:\Documents\Visual Studio 2015\Projects\VCT_Engine\VCT_Engine\dependencies\assimp\code\ColladaExporter.h">
      <Filter>Collada</Filter>
    </ClInclude>
    <ClInclude Include="F:\Documents\Visual Studio 2015\Projects\VCT_Engine\VCT_Engine\dependencies\assimp\code\DXFLoader.h">
      <Filter>DXF</Filter>
    </ClInclude>
    <ClInclude Include="F:\Documents\Visual Studio 2015\Projects\VCT_Engine\VCT_Engine\dependencies\assimp\code\DXFHelper.h">
      <Filter>DXF</Filter>
    </ClInclude>
    <ClInclude Include="F:\Documents\Visual Studio 2015\Projects\VCT_Engine\VCT_Engine\dependencies\assimp\code\CSMLoader.h">
      <Filter>CSM</Filter>
    </ClInclude>
    <ClInclude Include="F:\Documents\Visual Studio 2015\Projects\VCT_Engine\VCT_Engine\dependencies\assimp\code\HMPFileData.h">
      <Filter>HMP</Filter>
    </ClInclude>
    <ClInclude Include="F:\Documents\Visual Studio 2015\Projects\VCT_Engine\VCT_Engine\dependencies\assimp\code\HMPLoader.h">
      <Filter>HMP</Filter>
    </ClInclude>
    <ClInclude Include="F:\Documents\Visual Studio 2015\Projects\VCT_Engine\VCT_Engine\dependencies\assimp\code\HalfLifeFileData.h">
      <Filter>HMP</Filter>
    </ClInclude>
    <ClInclude Include="F:\Documents\Visual Studio 2015\Projects\VCT_Engine\VCT_Engine\dependencies\assimp\code\IRRLoader.h">
      <Filter>Irr</Filter>
    </ClInclude>
    <ClInclude Include="F:\Documents\Visual Studio 2015\Projects\VCT_Engine\VCT_Engine\dependencies\assimp\code\IRRMeshLoader.h">
      <Filter>Irr</Filter>
    </ClInclude>
    <ClInclude Include="F:\Documents\Visual Studio 2015\Projects\VCT_Engine\VCT_Engine\dependencies\assimp\code\IRRShared.h">
      <Filter>Irr</Filter>
    </ClInclude>
    <ClInclude Include="F:\Documents\Visual Studio 2015\Projects\VCT_Engine\VCT_Engine\dependencies\assimp\code\LWOAnimation.h">
      <Filter>LWO</Filter>
    </ClInclude>
    <ClInclude Include="F:\Documents\Visual Studio 2015\Projects\VCT_Engine\VCT_Engine\dependencies\assimp\code\LWOFileData.h">
      <Filter>LWO</Filter>
    </ClInclude>
    <ClInclude Include="F:\Documents\Visual Studio 2015\Projects\VCT_Engine\VCT_Engine\dependencies\assimp\code\LWOLoader.h">
      <Filter>LWO</Filter>
    </ClInclude>
    <ClInclude Include="F:\Documents\Visual Studio 2015\Projects\VCT_Engine\VCT_Engine\dependencies\assimp\code\LWSLoader.h">
      <Filter>LWS</Filter>
    </ClInclude>
    <ClInclude Include="F:\Documents\Visual Studio 2015\Projects\VCT_Engine\VCT_Engine\dependencies\assimp\code\MD2FileData.h">
      <Filter>MD2</Filter>
    </ClInclude>
    <ClInclude Include="F:\Documents\Visual Studio 2015\Projects\VCT_Engine\VCT_Engine\dependencies\assimp\code\MD2Loader.h">
      <Filter>MD2</Filter>
    </ClInclude>
    <ClInclude Include="F:\Documents\Visual Studio 2015\Projects\VCT_Engine\VCT_Engine\dependencies\assimp\code\MD2NormalTable.h">
      <Filter>MD2</Filter>
    </ClInclude>
    <ClInclude Include="F:\Documents\Visual Studio 2015\Projects\VCT_Engine\VCT_Engine\dependencies\assimp\code\MD3FileData.h">
      <Filter>MD3</Filter>
    </ClInclude>
    <ClInclude Include="F:\Documents\Visual Studio 2015\Projects\VCT_Engine\VCT_Engine\dependencies\assimp\code\MD3Loader.h">
      <Filter>MD3</Filter>
    </ClInclude>
    <ClInclude Include="F:\Documents\Visual Studio 2015\Projects\VCT_Engine\VCT_Engine\dependencies\assimp\code\MD5Loader.h">
      <Filter>MD5</Filter>
    </ClInclude>
    <ClInclude Include="F:\Documents\Visual Studio 2015\Projects\VCT_Engine\VCT_Engine\dependencies\assimp\code\MD5Parser.h">
      <Filter>MD5</Filter>
    </ClInclude>
    <ClInclude Include="F:\Documents\Visual Studio 2015\Projects\VCT_Engine\VCT_Engine\dependencies\assimp\code\MDCFileData.h">
      <Filter>MDC</Filter>
    </ClInclude>
    <ClInclude Include="F:\Documents\Visual Studio 2015\Projects\VCT_Engine\VCT_Engine\dependencies\assimp\code\MDCLoader.h">
      <Filter>MDC</Filter>
    </ClInclude>
    <ClInclude Include="F:\Documents\Visual Studio 2015\Projects\VCT_Engine\VCT_Engine\dependencies\assimp\code\MDCNormalTable.h">
      <Filter>MDC</Filter>
    </ClInclude>
    <ClInclude Include="F:\Documents\Visual Studio 2015\Projects\VCT_Engine\VCT_Engine\dependencies\assimp\code\MDLDefaultColorMap.h">
      <Filter>MDL</Filter>
    </ClInclude>
    <ClInclude Include="F:\Documents\Visual Studio 2015\Projects\VCT_Engine\VCT_Engine\dependencies\assimp\code\MDLFileData.h">
      <Filter>MDL</Filter>
    </ClInclude>
    <ClInclude Include="F:\Documents\Visual Studio 2015\Projects\VCT_Engine\VCT_Engine\dependencies\assimp\code\MDLLoader.h">
      <Filter>MDL</Filter>
    </ClInclude>
    <ClInclude Include="F:\Documents\Visual Studio 2015\Projects\VCT_Engine\VCT_Engine\dependencies\assimp\code\MaterialSystem.h">
      <Filter>MaterialSystem</Filter>
    </ClInclude>
    <ClInclude Include="F:\Documents\Visual Studio 2015\Projects\VCT_Engine\VCT_Engine\dependencies\assimp\code\NFFLoader.h">
      <Filter>NFF</Filter>
    </ClInclude>
    <ClInclude Include="F:\Documents\Visual Studio 2015\Projects\VCT_Engine\VCT_Engine\dependencies\assimp\code\OFFLoader.h">
      <Filter>OFFFormat</Filter>
    </ClInclude>
    <ClInclude Include="F:\Documents\Visual Studio 2015\Projects\VCT_Engine\VCT_Engine\dependencies\assimp\code\ObjFileData.h">
      <Filter>Obj</Filter>
    </ClInclude>
    <ClInclude Include="F:\Documents\Visual Studio 2015\Projects\VCT_Engine\VCT_Engine\dependencies\assimp\code\ObjFileImporter.h">
      <Filter>Obj</Filter>
    </ClInclude>
    <ClInclude Include="F:\Documents\Visual Studio 2015\Projects\VCT_Engine\VCT_Engine\dependencies\assimp\code\ObjFileMtlImporter.h">
      <Filter>Obj</Filter>
    </ClInclude>
    <ClInclude Include="F:\Documents\Visual Studio 2015\Projects\VCT_Engine\VCT_Engine\dependencies\assimp\code\ObjFileParser.h">
      <Filter>Obj</Filter>
    </ClInclude>
    <ClInclude Include="F:\Documents\Visual Studio 2015\Projects\VCT_Engine\VCT_Engine\dependencies\assimp\code\ObjTools.h">
      <Filter>Obj</Filter>
    </ClInclude>
    <ClInclude Include="F:\Documents\Visual Studio 2015\Projects\VCT_Engine\VCT_Engine\dependencies\assimp\code\ObjExporter.h">
      <Filter>Obj</Filter>
    </ClInclude>
    <ClInclude Include="F:\Documents\Visual Studio 2015\Projects\VCT_Engine\VCT_Engine\dependencies\assimp\code\OgreImporter.h">
      <Filter>Ogre</Filter>
    </ClInclude>
    <ClInclude Include="F:\Documents\Visual Studio 2015\Projects\VCT_Engine\VCT_Engine\dependencies\assimp\code\OgreStructs.h">
      <Filter>Ogre</Filter>
    </ClInclude>
    <ClInclude Include="F:\Documents\Visual Studio 2015\Projects\VCT_Engine\VCT_Engine\dependencies\assimp\code\OgreParsingUtils.h">
      <Filter>Ogre</Filter>
    </ClInclude>
    <ClInclude Include="F:\Documents\Visual Studio 2015\Projects\VCT_Engine\VCT_Engine\dependencies\assimp\code\OgreBinarySerializer.h">
      <Filter>Ogre</Filter>
    </ClInclude>
    <ClInclude Include="F:\Documents\Visual Studio 2015\Projects\VCT_Engine\VCT_Engine\dependencies\assimp\code\OgreXmlSerializer.h">
      <Filter>Ogre</Filter>
    </ClInclude>
    <ClInclude Include="F:\Documents\Visual Studio 2015\Projects\VCT_Engine\VCT_Engine\dependencies\assimp\code\PlyLoader.h">
      <Filter>Ply</Filter>
    </ClInclude>
    <ClInclude Include="F:\Documents\Visual Studio 2015\Projects\VCT_Engine\VCT_Engine\dependencies\assimp\code\PlyParser.h">
      <Filter>Ply</Filter>
    </ClInclude>
    <ClInclude Include="F:\Documents\Visual Studio 2015\Projects\VCT_Engine\VCT_Engine\dependencies\assimp\code\PlyExporter.h">
      <Filter>Ply</Filter>
    </ClInclude>
    <ClInclude Include="F:\Documents\Visual Studio 2015\Projects\VCT_Engine\VCT_Engine\dependencies\assimp\code\Q3DLoader.h">
      <Filter>Q3D</Filter>
    </ClInclude>
    <ClInclude Include="F:\Documents\Visual Studio 2015\Projects\VCT_Engine\VCT_Engine\dependencies\assimp\code\Q3BSPFileData.h">
      <Filter>Q3BSP</Filter>
    </ClInclude>
    <ClInclude Include="F:\Documents\Visual Studio 2015\Projects\VCT_Engine\VCT_Engine\dependencies\assimp\code\Q3BSPFileParser.h">
      <Filter>Q3BSP</Filter>
    </ClInclude>
    <ClInclude Include="F:\Documents\Visual Studio 2015\Projects\VCT_Engine\VCT_Engine\dependencies\assimp\code\Q3BSPFileImporter.h">
      <Filter>Q3BSP</Filter>
    </ClInclude>
    <ClInclude Include="F:\Documents\Visual Studio 2015\Projects\VCT_Engine\VCT_Engine\dependencies\assimp\code\Q3BSPZipArchive.h">
      <Filter>Q3BSP</Filter>
    </ClInclude>
    <ClInclude Include="F:\Documents\Visual Studio 2015\Projects\VCT_Engine\VCT_Engine\dependencies\assimp\code\RawLoader.h">
      <Filter>Raw</Filter>
    </ClInclude>
    <ClInclude Include="F:\Documents\Visual Studio 2015\Projects\VCT_Engine\VCT_Engine\dependencies\assimp\code\SMDLoader.h">
      <Filter>SMD</Filter>
    </ClInclude>
    <ClInclude Include="F:\Documents\Visual Studio 2015\Projects\VCT_Engine\VCT_Engine\dependencies\assimp\code\STLLoader.h">
      <Filter>STL</Filter>
    </ClInclude>
    <ClInclude Include="F:\Documents\Visual Studio 2015\Projects\VCT_Engine\VCT_Engine\dependencies\assimp\code\STLExporter.h">
      <Filter>STL</Filter>
    </ClInclude>
    <ClInclude Include="F:\Documents\Visual Studio 2015\Projects\VCT_Engine\VCT_Engine\dependencies\assimp\code\TerragenLoader.h">
      <Filter>Terragen</Filter>
    </ClInclude>
    <ClInclude Include="F:\Documents\Visual Studio 2015\Projects\VCT_Engine\VCT_Engine\dependencies\assimp\code\UnrealLoader.h">
      <Filter>Unreal</Filter>
    </ClInclude>
    <ClInclude Include="F:\Documents\Visual Studio 2015\Projects\VCT_Engine\VCT_Engine\dependencies\assimp\code\XFileHelper.h">
      <Filter>XFile</Filter>
    </ClInclude>
    <ClInclude Include="F:\Documents\Visual Studio 2015\Projects\VCT_Engine\VCT_Engine\dependencies\assimp\code\XFileImporter.h">
      <Filter>XFile</Filter>
    </ClInclude>
    <ClInclude Include="F:\Documents\Visual Studio 2015\Projects\VCT_Engine\VCT_Engine\dependencies\assimp\code\XFileParser.h">
      <Filter>XFile</Filter>
    </ClInclude>
    <ClInclude Include="F:\Documents\Visual Studio 2015\Projects\VCT_Engine\VCT_Engine\dependencies\assimp\code\MD4FileData.h">
      <Filter>Extra</Filter>
    </ClInclude>
    <ClInclude Include="F:\Documents\Visual Studio 2015\Projects\VCT_Engine\VCT_Engine\dependencies\assimp\code\MS3DLoader.h">
      <Filter>MS3D</Filter>
    </ClInclude>
    <ClInclude Include="F:\Documents\Visual Studio 2015\Projects\VCT_Engine\VCT_Engine\dependencies\assimp\code\COBLoader.h">
      <Filter>COB</Filter>
    </ClInclude>
    <ClInclude Include="F:\Documents\Visual Studio 2015\Projects\VCT_Engine\VCT_Engine\dependencies\assimp\code\COBScene.h">
      <Filter>COB</Filter>
    </ClInclude>
    <ClInclude Include="F:\Documents\Visual Studio 2015\Projects\VCT_Engine\VCT_Engine\dependencies\assimp\code\BlenderLoader.h">
      <Filter>BLENDER</Filter>
    </ClInclude>
    <ClInclude Include="F:\Documents\Visual Studio 2015\Projects\VCT_Engine\VCT_Engine\dependencies\assimp\code\BlenderDNA.h">
      <Filter>BLENDER</Filter>
    </ClInclude>
    <ClInclude Include="F:\Documents\Visual Studio 2015\Projects\VCT_Engine\VCT_Engine\dependencies\assimp\code\BlenderDNA.inl">
      <Filter>BLENDER</Filter>
    </ClInclude>
    <ClInclude Include="F:\Documents\Visual Studio 2015\Projects\VCT_Engine\VCT_Engine\dependencies\assimp\code\BlenderScene.h">
      <Filter>BLENDER</Filter>
    </ClInclude>
    <ClInclude Include="F:\Documents\Visual Studio 2015\Projects\VCT_Engine\VCT_Engine\dependencies\assimp\code\BlenderSceneGen.h">
      <Filter>BLENDER</Filter>
    </ClInclude>
    <ClInclude Include="F:\Documents\Visual Studio 2015\Projects\VCT_Engine\VCT_Engine\dependencies\assimp\code\BlenderIntermediate.h">
      <Filter>BLENDER</Filter>
    </ClInclude>
    <ClInclude Include="F:\Documents\Visual Studio 2015\Projects\VCT_Engine\VCT_Engine\dependencies\assimp\code\BlenderModifier.h">
      <Filter>BLENDER</Filter>
    </ClInclude>
    <ClInclude Include="F:\Documents\Visual Studio 2015\Projects\VCT_Engine\VCT_Engine\dependencies\assimp\code\BlenderBMesh.h">
      <Filter>BLENDER</Filter>
    </ClInclude>
    <ClInclude Include="F:\Documents\Visual Studio 2015\Projects\VCT_Engine\VCT_Engine\dependencies\assimp\code\BlenderTessellator.h">
      <Filter>BLENDER</Filter>
    </ClInclude>
    <ClInclude Include="F:\Documents\Visual Studio 2015\Projects\VCT_Engine\VCT_Engine\dependencies\assimp\code\NDOLoader.h">
      <Filter>NDO</Filter>
    </ClInclude>
    <ClInclude Include="F:\Documents\Visual Studio 2015\Projects\VCT_Engine\VCT_Engine\dependencies\assimp\code\IFCLoader.h">
      <Filter>IFC</Filter>
    </ClInclude>
    <ClInclude Include="F:\Documents\Visual Studio 2015\Projects\VCT_Engine\VCT_Engine\dependencies\assimp\code\IFCReaderGen.h">
      <Filter>IFC</Filter>
    </ClInclude>
    <ClInclude Include="F:\Documents\Visual Studio 2015\Projects\VCT_Engine\VCT_Engine\dependencies\assimp\code\IFCUtil.h">
      <Filter>IFC</Filter>
    </ClInclude>
    <ClInclude Include="F:\Documents\Visual Studio 2015\Projects\VCT_Engine\VCT_Engine\dependencies\assimp\code\STEPFile.h">
      <Filter>IFC</Filter>
    </ClInclude>
    <ClInclude Include="F:\Documents\Visual Studio 2015\Projects\VCT_Engine\VCT_Engine\dependencies\assimp\code\STEPFileReader.h">
      <Filter>IFC</Filter>
    </ClInclude>
    <ClInclude Include="F:\Documents\Visual Studio 2015\Projects\VCT_Engine\VCT_Engine\dependencies\assimp\code\STEPFileEncoding.h">
      <Filter>IFC</Filter>
    </ClInclude>
    <ClInclude Include="F:\Documents\Visual Studio 2015\Projects\VCT_Engine\VCT_Engine\dependencies\assimp\code\XGLLoader.h">
      <Filter>XGL</Filter>
    </ClInclude>
    <ClInclude Include="F:\Documents\Visual Studio 2015\Projects\VCT_Engine\VCT_Engine\dependencies\assimp\code\FBXCompileConfig.h">
      <Filter>FBX</Filter>
    </ClInclude>
    <ClInclude Include="F:\Documents\Visual Studio 2015\Projects\VCT_Engine\VCT_Engine\dependencies\assimp\code\FBXImporter.h">
      <Filter>FBX</Filter>
    </ClInclude>
    <ClInclude Include="F:\Documents\Visual Studio 2015\Projects\VCT_Engine\VCT_Engine\dependencies\assimp\code\FBXParser.h">
      <Filter>FBX</Filter>
    </ClInclude>
    <ClInclude Include="F:\Documents\Visual Studio 2015\Projects\VCT_Engine\VCT_Engine\dependencies\assimp\code\FBXTokenizer.h">
      <Filter>FBX</Filter>
    </ClInclude>
    <ClInclude Include="F:\Documents\Visual Studio 2015\Projects\VCT_Engine\VCT_Engine\dependencies\assimp\code\FBXImportSettings.h">
      <Filter>FBX</Filter>
    </ClInclude>
    <ClInclude Include="F:\Documents\Visual Studio 2015\Projects\VCT_Engine\VCT_Engine\dependencies\assimp\code\FBXConverter.h">
      <Filter>FBX</Filter>
    </ClInclude>
    <ClInclude Include="F:\Documents\Visual Studio 2015\Projects\VCT_Engine\VCT_Engine\dependencies\assimp\code\FBXUtil.h">
      <Filter>FBX</Filter>
    </ClInclude>
    <ClInclude Include="F:\Documents\Visual Studio 2015\Projects\VCT_Engine\VCT_Engine\dependencies\assimp\code\FBXDocument.h">
      <Filter>FBX</Filter>
    </ClInclude>
    <ClInclude Include="F:\Documents\Visual Studio 2015\Projects\VCT_Engine\VCT_Engine\dependencies\assimp\code\FBXProperties.h">
      <Filter>FBX</Filter>
    </ClInclude>
    <ClInclude Include="F:\Documents\Visual Studio 2015\Projects\VCT_Engine\VCT_Engine\dependencies\assimp\code\irrXMLWrapper.h">
      <Filter>IrrXML</Filter>
    </ClInclude>
    <ClInclude Include="F:\Documents\Visual Studio 2015\Projects\VCT_Engine\VCT_Engine\dependencies\assimp\contrib\irrXML\CXMLReaderImpl.h">
      <Filter>IrrXML</Filter>
    </ClInclude>
    <ClInclude Include="F:\Documents\Visual Studio 2015\Projects\VCT_Engine\VCT_Engine\dependencies\assimp\contrib\irrXML\heapsort.h">
      <Filter>IrrXML</Filter>
    </ClInclude>
    <ClInclude Include="F:\Documents\Visual Studio 2015\Projects\VCT_Engine\VCT_Engine\dependencies\assimp\contrib\irrXML\irrArray.h">
      <Filter>IrrXML</Filter>
    </ClInclude>
    <ClInclude Include="F:\Documents\Visual Studio 2015\Projects\VCT_Engine\VCT_Engine\dependencies\assimp\contrib\irrXML\irrString.h">
      <Filter>IrrXML</Filter>
    </ClInclude>
    <ClInclude Include="F:\Documents\Visual Studio 2015\Projects\VCT_Engine\VCT_Engine\dependencies\assimp\contrib\irrXML\irrTypes.h">
      <Filter>IrrXML</Filter>
    </ClInclude>
    <ClInclude Include="F:\Documents\Visual Studio 2015\Projects\VCT_Engine\VCT_Engine\dependencies\assimp\contrib\irrXML\irrXML.h">
      <Filter>IrrXML</Filter>
    </ClInclude>
    <ClInclude Include="F:\Documents\Visual Studio 2015\Projects\VCT_Engine\VCT_Engine\dependencies\assimp\contrib\ConvertUTF\ConvertUTF.h">
      <Filter>ConvertUTF</Filter>
    </ClInclude>
    <ClInclude Include="F:\Documents\Visual Studio 2015\Projects\VCT_Engine\VCT_Engine\dependencies\assimp\contrib\unzip\crypt.h">
      <Filter>unzip</Filter>
    </ClInclude>
    <ClInclude Include="F:\Documents\Visual Studio 2015\Projects\VCT_Engine\VCT_Engine\dependencies\assimp\contrib\unzip\ioapi.h">
      <Filter>unzip</Filter>
    </ClInclude>
    <ClInclude Include="F:\Documents\Visual Studio 2015\Projects\VCT_Engine\VCT_Engine\dependencies\assimp\contrib\unzip\unzip.h">
      <Filter>unzip</Filter>
    </ClInclude>
    <ClInclude Include="F:\Documents\Visual Studio 2015\Projects\VCT_Engine\VCT_Engine\dependencies\assimp\contrib\poly2tri\poly2tri\common\shapes.h">
      <Filter>Poly2Tri</Filter>
    </ClInclude>
    <ClInclude Include="F:\Documents\Visual Studio 2015\Projects\VCT_Engine\VCT_Engine\dependencies\assimp\contrib\poly2tri\poly2tri\common\utils.h">
      <Filter>Poly2Tri</Filter>
    </ClInclude>
    <ClInclude Include="F:\Documents\Visual Studio 2015\Projects\VCT_Engine\VCT_Engine\dependencies\assimp\contrib\poly2tri\poly2tri\sweep\advancing_front.h">
      <Filter>Poly2Tri</Filter>
    </ClInclude>
    <ClInclude Include="F:\Documents\Visual Studio 2015\Projects\VCT_Engine\VCT_Engine\dependencies\assimp\contrib\poly2tri\poly2tri\sweep\cdt.h">
      <Filter>Poly2Tri</Filter>
    </ClInclude>
    <ClInclude Include="F:\Documents\Visual Studio 2015\Projects\VCT_Engine\VCT_Engine\dependencies\assimp\contrib\poly2tri\poly2tri\sweep\sweep.h">
      <Filter>Poly2Tri</Filter>
    </ClInclude>
    <ClInclude Include="F:\Documents\Visual Studio 2015\Projects\VCT_Engine\VCT_Engine\dependencies\assimp\contrib\poly2tri\poly2tri\sweep\sweep_context.h">
      <Filter>Poly2Tri</Filter>
    </ClInclude>
    <ClInclude Include="F:\Documents\Visual Studio 2015\Projects\VCT_Engine\VCT_Engine\dependencies\assimp\contrib\clipper\clipper.hpp">
      <Filter>Clipper</Filter>
    </ClInclude>
    <ClInclude Include="F:\Documents\Visual Studio 2015\Projects\VCT_Engine\VCT_Engine\dependencies\assimp\code\BoostWorkaround\boost\math\common_factor_rt.hpp">
      <Filter>Boost</Filter>
    </ClInclude>
    <ClInclude Include="F:\Documents\Visual Studio 2015\Projects\VCT_Engine\VCT_Engine\dependencies\assimp\code\BoostWorkaround\boost\foreach.hpp">
      <Filter>Boost</Filter>
    </ClInclude>
    <ClInclude Include="F:\Documents\Visual Studio 2015\Projects\VCT_Engine\VCT_Engine\dependencies\assimp\code\BoostWorkaround\boost\format.hpp">
      <Filter>Boost</Filter>
    </ClInclude>
    <ClInclude Include="F:\Documents\Visual Studio 2015\Projects\VCT_Engine\VCT_Engine\dependencies\assimp\code\BoostWorkaround\boost\scoped_array.hpp">
      <Filter>Boost</Filter>
    </ClInclude>
    <ClInclude Include="F:\Documents\Visual Studio 2015\Projects\VCT_Engine\VCT_Engine\dependencies\assimp\code\BoostWorkaround\boost\scoped_ptr.hpp">
      <Filter>Boost</Filter>
    </ClInclude>
    <ClInclude Include="F:\Documents\Visual Studio 2015\Projects\VCT_Engine\VCT_Engine\dependencies\assimp\code\BoostWorkaround\boost\shared_array.hpp">
      <Filter>Boost</Filter>
    </ClInclude>
    <ClInclude Include="F:\Documents\Visual Studio 2015\Projects\VCT_Engine\VCT_Engine\dependencies\assimp\code\BoostWorkaround\boost\shared_ptr.hpp">
      <Filter>Boost</Filter>
    </ClInclude>
    <ClInclude Include="F:\Documents\Visual Studio 2015\Projects\VCT_Engine\VCT_Engine\dependencies\assimp\code\BoostWorkaround\boost\make_shared.hpp">
      <Filter>Boost</Filter>
    </ClInclude>
    <ClInclude Include="F:\Documents\Visual Studio 2015\Projects\VCT_Engine\VCT_Engine\dependencies\assimp\code\BoostWorkaround\boost\static_assert.hpp">
      <Filter>Boost</Filter>
    </ClInclude>
    <ClInclude Include="F:\Documents\Visual Studio 2015\Projects\VCT_Engine\VCT_Engine\dependencies\assimp\code\BoostWorkaround\boost\tuple\tuple.hpp">
      <Filter>Boost</Filter>
    </ClInclude>
    <ClInclude Include="F:\Documents\Visual Studio 2015\Projects\VCT_Engine\VCT_Engine\dependencies\assimp\include\assimp\anim.h">
      <Filter>Header Files</Filter>
    </ClInclude>
    <ClInclude Include="F:\Documents\Visual Studio 2015\Projects\VCT_Engine\VCT_Engine\dependencies\assimp\include\assimp\ai_assert.h">
      <Filter>Header Files</Filter>
    </ClInclude>
    <ClInclude Include="F:\Documents\Visual Studio 2015\Projects\VCT_Engine\VCT_Engine\dependencies\assimp\include\assimp\camera.h">
      <Filter>Header Files</Filter>
    </ClInclude>
    <ClInclude Include="F:\Documents\Visual Studio 2015\Projects\VCT_Engine\VCT_Engine\dependencies\assimp\include\assimp\color4.h">
      <Filter>Header Files</Filter>
    </ClInclude>
    <ClInclude Include="F:\Documents\Visual Studio 2015\Projects\VCT_Engine\VCT_Engine\dependencies\assimp\include\assimp\color4.inl">
      <Filter>Header Files</Filter>
    </ClInclude>
    <ClInclude Include="F:\Documents\Visual Studio 2015\Projects\VCT_Engine\VCT_Engine\dependencies\assimp\include\assimp\config.h">
      <Filter>Header Files</Filter>
    </ClInclude>
    <ClInclude Include="F:\Documents\Visual Studio 2015\Projects\VCT_Engine\VCT_Engine\dependencies\assimp\include\assimp\defs.h">
      <Filter>Header Files</Filter>
    </ClInclude>
    <ClInclude Include="F:\Documents\Visual Studio 2015\Projects\VCT_Engine\VCT_Engine\dependencies\assimp\include\assimp\cfileio.h">
      <Filter>Header Files</Filter>
    </ClInclude>
    <ClInclude Include="F:\Documents\Visual Studio 2015\Projects\VCT_Engine\VCT_Engine\dependencies\assimp\include\assimp\light.h">
      <Filter>Header Files</Filter>
    </ClInclude>
    <ClInclude Include="F:\Documents\Visual Studio 2015\Projects\VCT_Engine\VCT_Engine\dependencies\assimp\include\assimp\material.h">
      <Filter>Header Files</Filter>
    </ClInclude>
    <ClInclude Include="F:\Documents\Visual Studio 2015\Projects\VCT_Engine\VCT_Engine\dependencies\assimp\include\assimp\material.inl">
      <Filter>Header Files</Filter>
    </ClInclude>
    <ClInclude Include="F:\Documents\Visual Studio 2015\Projects\VCT_Engine\VCT_Engine\dependencies\assimp\include\assimp\matrix3x3.h">
      <Filter>Header Files</Filter>
    </ClInclude>
    <ClInclude Include="F:\Documents\Visual Studio 2015\Projects\VCT_Engine\VCT_Engine\dependencies\assimp\include\assimp\matrix3x3.inl">
      <Filter>Header Files</Filter>
    </ClInclude>
    <ClInclude Include="F:\Documents\Visual Studio 2015\Projects\VCT_Engine\VCT_Engine\dependencies\assimp\include\assimp\matrix4x4.h">
      <Filter>Header Files</Filter>
    </ClInclude>
    <ClInclude Include="F:\Documents\Visual Studio 2015\Projects\VCT_Engine\VCT_Engine\dependencies\assimp\include\assimp\matrix4x4.inl">
      <Filter>Header Files</Filter>
    </ClInclude>
    <ClInclude Include="F:\Documents\Visual Studio 2015\Projects\VCT_Engine\VCT_Engine\dependencies\assimp\include\assimp\mesh.h">
      <Filter>Header Files</Filter>
    </ClInclude>
    <ClInclude Include="F:\Documents\Visual Studio 2015\Projects\VCT_Engine\VCT_Engine\dependencies\assimp\include\assimp\postprocess.h">
      <Filter>Header Files</Filter>
    </ClInclude>
    <ClInclude Include="F:\Documents\Visual Studio 2015\Projects\VCT_Engine\VCT_Engine\dependencies\assimp\include\assimp\quaternion.h">
      <Filter>Header Files</Filter>
    </ClInclude>
    <ClInclude Include="F:\Documents\Visual Studio 2015\Projects\VCT_Engine\VCT_Engine\dependencies\assimp\include\assimp\quaternion.inl">
      <Filter>Header Files</Filter>
    </ClInclude>
    <ClInclude Include="F:\Documents\Visual Studio 2015\Projects\VCT_Engine\VCT_Engine\dependencies\assimp\include\assimp\scene.h">
      <Filter>Header Files</Filter>
    </ClInclude>
    <ClInclude Include="F:\Documents\Visual Studio 2015\Projects\VCT_Engine\VCT_Engine\dependencies\assimp\include\assimp\metadata.h">
      <Filter>Header Files</Filter>
    </ClInclude>
    <ClInclude Include="F:\Documents\Visual Studio 2015\Projects\VCT_Engine\VCT_Engine\dependencies\assimp\include\assimp\texture.h">
      <Filter>Header Files</Filter>
    </ClInclude>
    <ClInclude Include="F:\Documents\Visual Studio 2015\Projects\VCT_Engine\VCT_Engine\dependencies\assimp\include\assimp\types.h">
      <Filter>Header Files</Filter>
    </ClInclude>
    <ClInclude Include="F:\Documents\Visual Studio 2015\Projects\VCT_Engine\VCT_Engine\dependencies\assimp\include\assimp\vector2.h">
      <Filter>Header Files</Filter>
    </ClInclude>
    <ClInclude Include="F:\Documents\Visual Studio 2015\Projects\VCT_Engine\VCT_Engine\dependencies\assimp\include\assimp\vector2.inl">
      <Filter>Header Files</Filter>
    </ClInclude>
    <ClInclude Include="F:\Documents\Visual Studio 2015\Projects\VCT_Engine\VCT_Engine\dependencies\assimp\include\assimp\vector3.h">
      <Filter>Header Files</Filter>
    </ClInclude>
    <ClInclude Include="F:\Documents\Visual Studio 2015\Projects\VCT_Engine\VCT_Engine\dependencies\assimp\include\assimp\vector3.inl">
      <Filter>Header Files</Filter>
    </ClInclude>
    <ClInclude Include="F:\Documents\Visual Studio 2015\Projects\VCT_Engine\VCT_Engine\dependencies\assimp\include\assimp\version.h">
      <Filter>Header Files</Filter>
    </ClInclude>
    <ClInclude Include="F:\Documents\Visual Studio 2015\Projects\VCT_Engine\VCT_Engine\dependencies\assimp\include\assimp\cimport.h">
      <Filter>Header Files</Filter>
    </ClInclude>
    <ClInclude Include="F:\Documents\Visual Studio 2015\Projects\VCT_Engine\VCT_Engine\dependencies\assimp\include\assimp\importerdesc.h">
      <Filter>Header Files</Filter>
    </ClInclude>
    <ClInclude Include="F:\Documents\Visual Studio 2015\Projects\VCT_Engine\VCT_Engine\dependencies\assimp\include\assimp\Importer.hpp">
      <Filter>Header Files</Filter>
    </ClInclude>
    <ClInclude Include="F:\Documents\Visual Studio 2015\Projects\VCT_Engine\VCT_Engine\dependencies\assimp\include\assimp\ProgressHandler.hpp">
      <Filter>Header Files</Filter>
    </ClInclude>
    <ClInclude Include="F:\Documents\Visual Studio 2015\Projects\VCT_Engine\VCT_Engine\dependencies\assimp\include\assimp\IOStream.hpp">
      <Filter>Header Files</Filter>
    </ClInclude>
    <ClInclude Include="F:\Documents\Visual Studio 2015\Projects\VCT_Engine\VCT_Engine\dependencies\assimp\include\assimp\IOSystem.hpp">
      <Filter>Header Files</Filter>
    </ClInclude>
    <ClInclude Include="F:\Documents\Visual Studio 2015\Projects\VCT_Engine\VCT_Engine\dependencies\assimp\include\assimp\cexport.h">
      <Filter>Header Files</Filter>
    </ClInclude>
    <ClInclude Include="F:\Documents\Visual Studio 2015\Projects\VCT_Engine\VCT_Engine\dependencies\assimp\include\assimp\Exporter.hpp">
      <Filter>Header Files</Filter>
    </ClInclude>
    <ClInclude Include="F:\Documents\Visual Studio 2015\Projects\VCT_Engine\VCT_Engine\dependencies\assimp\include\assimp\Compiler\pushpack1.h">
      <Filter>Compiler</Filter>
    </ClInclude>
    <ClInclude Include="F:\Documents\Visual Studio 2015\Projects\VCT_Engine\VCT_Engine\dependencies\assimp\include\assimp\Compiler\poppack1.h">
      <Filter>Compiler</Filter>
    </ClInclude>
    <ClInclude Include="F:\Documents\Visual Studio 2015\Projects\VCT_Engine\VCT_Engine\dependencies\assimp\include\assimp\Compiler\pstdint.h">
      <Filter>Compiler</Filter>
    </ClInclude>
  </ItemGroup>
  <ItemGroup>
    <CustomBuild Include="F:\Documents\Visual Studio 2015\Projects\VCT_Engine\VCT_Engine\dependencies\assimp\code\CMakeLists.txt" />
  </ItemGroup>
  <ItemGroup>
    <Filter Include="Source Files">
      <UniqueIdentifier>{2DADA933-7252-3B5B-9B9E-1681BE2AA9E4}</UniqueIdentifier>
    </Filter>
    <Filter Include="Header Files">
      <UniqueIdentifier>{5AEDA2CE-6617-372F-8BC2-356A7BC26CF0}</UniqueIdentifier>
    </Filter>
    <Filter Include="Compiler">
      <UniqueIdentifier>{BAC4F1E3-E3DF-33B3-8441-158F2458DCE7}</UniqueIdentifier>
    </Filter>
    <Filter Include="Boost">
      <UniqueIdentifier>{AEC7C6D6-21D2-3E2A-9061-85C1F9926B9B}</UniqueIdentifier>
    </Filter>
    <Filter Include="Logging">
      <UniqueIdentifier>{E0E03178-4A89-3C0B-8F78-227A5DE64D48}</UniqueIdentifier>
    </Filter>
    <Filter Include="Common">
      <UniqueIdentifier>{FE85041D-B337-3C90-B0D5-A2B39EF378A7}</UniqueIdentifier>
    </Filter>
    <Filter Include="3DS">
      <UniqueIdentifier>{B5598621-58F0-326A-9C20-9AE2E1103172}</UniqueIdentifier>
    </Filter>
    <Filter Include="AC">
      <UniqueIdentifier>{36B9B73C-9D09-38EB-B09E-4B6559DA60BF}</UniqueIdentifier>
    </Filter>
    <Filter Include="ASE">
      <UniqueIdentifier>{79DF554C-5F8A-3581-A7E5-A79421841452}</UniqueIdentifier>
    </Filter>
    <Filter Include="B3D">
      <UniqueIdentifier>{80A77C0F-5B72-3D71-82A8-E8EB557A53C9}</UniqueIdentifier>
    </Filter>
    <Filter Include="BVH">
      <UniqueIdentifier>{6B12EB1A-24A9-3334-8BA7-B51E4FB60DB3}</UniqueIdentifier>
    </Filter>
    <Filter Include="Collada">
      <UniqueIdentifier>{C176DB1A-2E48-39E3-BEAD-746698949661}</UniqueIdentifier>
    </Filter>
    <Filter Include="DXF">
      <UniqueIdentifier>{BF27A894-9E1D-397F-8F82-215B925EA7FE}</UniqueIdentifier>
    </Filter>
    <Filter Include="CSM">
      <UniqueIdentifier>{F5383460-1F4C-3844-B867-2DE2EF354D9D}</UniqueIdentifier>
    </Filter>
    <Filter Include="HMP">
      <UniqueIdentifier>{41E6A365-6121-3AF2-85E5-07AFDEE4DA86}</UniqueIdentifier>
    </Filter>
    <Filter Include="Irr">
      <UniqueIdentifier>{A5B92E53-D572-34AE-88E4-651BAADF2198}</UniqueIdentifier>
    </Filter>
    <Filter Include="LWO">
      <UniqueIdentifier>{0E62F95C-F290-3722-A4E5-2A0F4F937807}</UniqueIdentifier>
    </Filter>
    <Filter Include="LWS">
      <UniqueIdentifier>{4AD16FA5-A918-36E0-8CA0-D9FE0FF06D6E}</UniqueIdentifier>
    </Filter>
    <Filter Include="MD2">
      <UniqueIdentifier>{E416C64F-C212-3B79-B2C1-2246B8BF3D5A}</UniqueIdentifier>
    </Filter>
    <Filter Include="MD3">
      <UniqueIdentifier>{47EC2C8D-7CE8-3747-9BF4-4397B86E4DF2}</UniqueIdentifier>
    </Filter>
    <Filter Include="MD5">
      <UniqueIdentifier>{8CD0A7C7-EAA7-3462-92B6-0FD19620A7B1}</UniqueIdentifier>
    </Filter>
    <Filter Include="MDC">
      <UniqueIdentifier>{8BA84CDB-42EB-31E3-947A-5C23BDE88917}</UniqueIdentifier>
    </Filter>
    <Filter Include="MDL">
      <UniqueIdentifier>{731902F2-AB62-361B-969E-3AFE396FCE4B}</UniqueIdentifier>
    </Filter>
    <Filter Include="MaterialSystem">
      <UniqueIdentifier>{F37B4C5C-4A21-3DAE-BAA8-B179C501C770}</UniqueIdentifier>
    </Filter>
    <Filter Include="NFF">
      <UniqueIdentifier>{83128ADA-9052-3AF5-82F6-28B02FEBB994}</UniqueIdentifier>
    </Filter>
    <Filter Include="NDO">
      <UniqueIdentifier>{26F1D4D6-1BD9-366C-AAF2-46A2189DA228}</UniqueIdentifier>
    </Filter>
    <Filter Include="OFFFormat">
      <UniqueIdentifier>{62BDD047-E4EA-35F0-9BD9-0D9CF08A6C96}</UniqueIdentifier>
    </Filter>
    <Filter Include="Obj">
      <UniqueIdentifier>{A848B4EA-C439-3922-B659-5CF6476B06D8}</UniqueIdentifier>
    </Filter>
    <Filter Include="Ogre">
      <UniqueIdentifier>{7050F1D9-7E87-3392-9F13-352E2B6E2B50}</UniqueIdentifier>
    </Filter>
    <Filter Include="Ply">
      <UniqueIdentifier>{077590B3-29A6-3413-8333-133F8DF17FDB}</UniqueIdentifier>
    </Filter>
    <Filter Include="MS3D">
      <UniqueIdentifier>{ECD937E7-166D-3084-AF65-E9B646F440CF}</UniqueIdentifier>
    </Filter>
    <Filter Include="COB">
      <UniqueIdentifier>{1F3F2CA3-A01A-35F6-B44A-9C1A7538AAC1}</UniqueIdentifier>
    </Filter>
    <Filter Include="BLENDER">
      <UniqueIdentifier>{CA81377A-E831-3932-B046-D82A78576111}</UniqueIdentifier>
    </Filter>
    <Filter Include="IFC">
      <UniqueIdentifier>{EA569E73-C354-3142-9BAB-507C4CB77ECF}</UniqueIdentifier>
    </Filter>
    <Filter Include="XGL">
      <UniqueIdentifier>{E773C7AB-8DB0-3D52-84DA-1F8018D5C3E7}</UniqueIdentifier>
    </Filter>
    <Filter Include="FBX">
      <UniqueIdentifier>{6351DC79-98EF-3FE3-8A1C-D01A8742C8BB}</UniqueIdentifier>
    </Filter>
    <Filter Include="PostProcessing">
      <UniqueIdentifier>{AECAF862-D936-313C-BBD3-064FB57BA9D8}</UniqueIdentifier>
    </Filter>
    <Filter Include="Q3D">
      <UniqueIdentifier>{9D8AE7E0-9003-39C5-9CC9-DD0C276F22A3}</UniqueIdentifier>
    </Filter>
    <Filter Include="Q3BSP">
      <UniqueIdentifier>{FCE4016E-BF45-3D42-A494-63E5FA09F809}</UniqueIdentifier>
    </Filter>
    <Filter Include="Raw">
      <UniqueIdentifier>{78FDFFFF-3C5D-3D31-AA82-855F6EBC30B9}</UniqueIdentifier>
    </Filter>
    <Filter Include="SMD">
      <UniqueIdentifier>{B234BFD1-38B3-3C36-A8FC-7CDAC4C16B5A}</UniqueIdentifier>
    </Filter>
    <Filter Include="STL">
      <UniqueIdentifier>{9218CA43-8958-318B-A39C-2D185903D940}</UniqueIdentifier>
    </Filter>
    <Filter Include="Terragen">
      <UniqueIdentifier>{3AC6C90C-E1A0-3AF8-8AEB-D6C3D97947C4}</UniqueIdentifier>
    </Filter>
    <Filter Include="Unreal">
      <UniqueIdentifier>{4BF570F3-857C-3D52-8DAF-28B38BCCDA7C}</UniqueIdentifier>
    </Filter>
    <Filter Include="XFile">
      <UniqueIdentifier>{D3598E75-CD14-3ADA-993A-CC790117BB27}</UniqueIdentifier>
    </Filter>
    <Filter Include="Exporter">
      <UniqueIdentifier>{6B1B62D5-B1BB-32B2-B19D-EC75C6CF98B5}</UniqueIdentifier>
    </Filter>
    <Filter Include="Extra">
      <UniqueIdentifier>{328E5F9D-31AC-352B-9A25-56A908BED031}</UniqueIdentifier>
    </Filter>
    <Filter Include="IrrXML">
      <UniqueIdentifier>{6B5EAA13-8399-344E-8090-2538DBCF51D3}</UniqueIdentifier>
    </Filter>
    <Filter Include="ConvertUTF">
      <UniqueIdentifier>{C4908402-38E7-32FA-8DEA-E43935E15B57}</UniqueIdentifier>
    </Filter>
    <Filter Include="Clipper">
      <UniqueIdentifier>{E475B9D7-441C-3FB1-8ACE-C127063D1C90}</UniqueIdentifier>
    </Filter>
    <Filter Include="Poly2Tri">
      <UniqueIdentifier>{0D976819-DB27-3F7F-85C8-D72D35D60B52}</UniqueIdentifier>
    </Filter>
    <Filter Include="unzip">
      <UniqueIdentifier>{E36B5826-82A7-3921-97C1-5C99529A1B90}</UniqueIdentifier>
    </Filter>
  </ItemGroup>
</Project>
