<?xml version="1.0" encoding="UTF-8"?>
<Project ToolsVersion="14.0" xmlns="http://schemas.microsoft.com/developer/msbuild/2003">
  <ItemGroup>
    <CustomBuild Include="F:\Documents\Visual Studio 2015\Projects\VCT_Engine\VCT_Engine\_build\CMakeFiles\edf5e0f16cd7e5f1484528c8368a1986\INSTALL_force.rule">
      <Filter>CMake Rules</Filter>
    </CustomBuild>
  </ItemGroup>
  <ItemGroup>
    <Filter Include="CMake Rules">
      <UniqueIdentifier>{7B59896E-DD05-3F8C-8700-280CA6EADAFC}</UniqueIdentifier>
    </Filter>
  </ItemGroup>
</Project>
